PODS:
  - AFNetworking (2.0.0):
    - AFNetworking/NSURLConnection
    - AFNetworking/NSURLSession
    - AFNetworking/Reachability
    - AFNetworking/Security
    - AFNetworking/Serialization
    - AFNetworking/UIKit
  - AFNetworking/NSURLConnection (2.0.0):
    - AFNetworking/Reachability
    - AFNetworking/Security
    - AFNetworking/Serialization
  - AFNetworking/NSURLSession (2.0.0):
    - AFNetworking/Reachability
    - AFNetworking/Security
    - AFNetworking/Serialization
  - AFNetworking/Reachability (2.0.0)
  - AFNetworking/Security (2.0.0)
  - AFNetworking/Serialization (2.0.0)
  - AFNetworking/UIKit (2.0.0):
    - AFNetworking/NSURLConnection
  - Analytics (0.10.3)
  - CGLMail (0.1.0)
  - ChimpKit (3.0.2)
  - CMMapLauncher (0.0.1)
  - fmemopen (0.0.1)
  - FontAwesome+iOS (0.1.1)
  - IAPHelper (1.0.7)
  - NSAttributedStringMarkdownParser (0.0.1):
    - fmemopen
  - PonyDebugger (0.3.1):
    - SocketRocket
  - Reachability (3.1.1)
  - RFRateMe (1.0.0)
  - SDWebImage (3.5):
    - SDWebImage/Core
  - SDWebImage/Core (3.5)
  - SocketRocket (0.3.1-beta2)
  - SVProgressHUD (1.0)
  - UIColor-HexString (1.0.1)

DEPENDENCIES:
  - AFNetworking (= 2.0)
  - Analytics
  - CGLMail (~> 0.1)
  - ChimpKit
  - CMMapLauncher (= 0.0.1)
  - FontAwesome+iOS (~> 0.1)
  - IAPHelper
  - NSAttributedStringMarkdownParser (~> 0.0)
  - PonyDebugger (~> 0.3.1)
  - Reachability (~> 3.1)
  - RFRateMe (~> 1.0.0)
  - SDWebImage (= 3.5)
  - SVProgressHUD
  - UIColor-HexString (~> 1.0.1)

SPEC CHECKSUMS:
  AFNetworking: 6d4a33f2a7edf1d394455c543b446fdfae6b4082
  Analytics: c6f60d1227ebfe3a42525c92ba6b4bd962241ff5
  CGLMail: ae796b1bc3e864d0d80508cb4ad72b6502649cdc
  ChimpKit: 23aa5bcd1bdcc45f4bed49f91b56a4c164433e3e
  CMMapLauncher: 440d24e48d685051360bfcd9870c7655be6a7544
  fmemopen: 54fc0cc9d9063de6103b40a24849818a53c8f1e5
  FontAwesome+iOS: 3c574273fb301c2e0a88f983551562bf8768b623
  IAPHelper: cc05be5303b034a6a92dbe58f1be94efeacf619d
  NSAttributedStringMarkdownParser: fc64ca09ee9670b4f16cac3759a093ffa20ff2cd
  PonyDebugger: 256e19c15c093e15f950f92b1a5017f3feb3c87e
  Reachability: 8e9635e3cb4f98e7f825e51147f677ecc694d0e7
  RFRateMe: 794c36dadb7d61716f9b130868c8e3bc0872cc59
  SDWebImage: c9bc95975144c7dfa93b9df2d1d9d6d4dbe44715
  SocketRocket: 79a68ae186063c65e1fe6f638b1ae2927aa5f304
  SVProgressHUD: 5034c6e22b8c2ca3e09402e48d41ed0340aa1c50
  UIColor-HexString: 9cf42ab500ce12fdaf523cdb96ecffd11a28b7ed

COCOAPODS: 0.32.1
