// !$*UTF8*$!
{
	archiveVersion = 1;
	classes = {
	};
	objectVersion = 46;
	objects = {

/* Begin PBXBuildFile section */
		37006A57185F1EC3000E0732 /* LPCDataModel.xcdatamodeld in Sources */ = {isa = PBXBuildFile; fileRef = 37006A55185F1EC3000E0732 /* LPCDataModel.xcdatamodeld */; };
		37006A66185F4361000E0732 /* Venue.m in Sources */ = {isa = PBXBuildFile; fileRef = 37006A65185F4361000E0732 /* Venue.m */; };
		37074FDF18F3341900D86847 /* LPCCreditsCell.m in Sources */ = {isa = PBXBuildFile; fileRef = 37074FDE18F3341900D86847 /* LPCCreditsCell.m */; };
		37074FE218F334B500D86847 /* LPCCreditsTextLabel.m in Sources */ = {isa = PBXBuildFile; fileRef = 37074FE118F334B500D86847 /* LPCCreditsTextLabel.m */; };
		37074FE918F3368100D86847 /* foursquare-logo.png in Resources */ = {isa = PBXBuildFile; fileRef = 37074FE318F3368100D86847 /* foursquare-logo.png */; };
		37074FEA18F3368100D86847 /* foursquare-logo@2x.png in Resources */ = {isa = PBXBuildFile; fileRef = 37074FE418F3368100D86847 /* foursquare-logo@2x.png */; };
		37074FEB18F3368100D86847 /* mapbox-logo.png in Resources */ = {isa = PBXBuildFile; fileRef = 37074FE518F3368100D86847 /* mapbox-logo.png */; };
		37074FEC18F3368100D86847 /* mapbox-logo@2x.png in Resources */ = {isa = PBXBuildFile; fileRef = 37074FE618F3368100D86847 /* mapbox-logo@2x.png */; };
		37074FED18F3368100D86847 /* options-image.png in Resources */ = {isa = PBXBuildFile; fileRef = 37074FE718F3368100D86847 /* options-image.png */; };
		37074FEE18F3368100D86847 /* options-image@2x.png in Resources */ = {isa = PBXBuildFile; fileRef = 37074FE818F3368100D86847 /* options-image@2x.png */; };
		37074FF118F3369000D86847 /* map-placeholder.png in Resources */ = {isa = PBXBuildFile; fileRef = 37074FEF18F3369000D86847 /* map-placeholder.png */; };
		37074FF218F3369000D86847 /* map-placeholder@2x.png in Resources */ = {isa = PBXBuildFile; fileRef = 37074FF018F3369000D86847 /* map-placeholder@2x.png */; };
		37074FF418F34A9100D86847 /* tfl-logo@2x.png in Resources */ = {isa = PBXBuildFile; fileRef = 37074FF318F34A9100D86847 /* tfl-logo@2x.png */; };
		37074FF618F34A9800D86847 /* tfl-logo.png in Resources */ = {isa = PBXBuildFile; fileRef = 37074FF518F34A9800D86847 /* tfl-logo.png */; };
		371AE6601882061500AA9557 /* AppIcon144x144.png in Resources */ = {isa = PBXBuildFile; fileRef = 371AE65E1882061500AA9557 /* AppIcon144x144.png */; };
		371AE6611882061500AA9557 /* AppIcon144x144@2x.png in Resources */ = {isa = PBXBuildFile; fileRef = 371AE65F1882061500AA9557 /* AppIcon144x144@2x.png */; };
		373CB7C718561BE900066054 /* LPCDistrictLineTests.m in Sources */ = {isa = PBXBuildFile; fileRef = 373CB7C618561BE900066054 /* LPCDistrictLineTests.m */; };
		3744F59718C51BC4000F6669 /* Default4inch.png in Resources */ = {isa = PBXBuildFile; fileRef = 3744F59418C51BC4000F6669 /* Default4inch.png */; };
		3744F59818C51BC4000F6669 /* Default35inch.png in Resources */ = {isa = PBXBuildFile; fileRef = 3744F59518C51BC4000F6669 /* Default35inch.png */; };
		3744F59918C51BC4000F6669 /* Default35inch@2x.png in Resources */ = {isa = PBXBuildFile; fileRef = 3744F59618C51BC4000F6669 /* Default35inch@2x.png */; };
		3750EF7C18E2216F007F11AB /* FontAwesome.ttf in Resources */ = {isa = PBXBuildFile; fileRef = 3750EF7B18E2216F007F11AB /* FontAwesome.ttf */; };
		3750EF7F18E221D7007F11AB /* UIColor+HexStringFromColor.m in Sources */ = {isa = PBXBuildFile; fileRef = 3750EF7E18E221D7007F11AB /* UIColor+HexStringFromColor.m */; };
		3750EF8418E22228007F11AB /* station-pubs.json in Resources */ = {isa = PBXBuildFile; fileRef = 3750EF8118E22228007F11AB /* station-pubs.json */; };
		3750EF8518E22228007F11AB /* tfl-tube-data-modified.json in Resources */ = {isa = PBXBuildFile; fileRef = 3750EF8218E22228007F11AB /* tfl-tube-data-modified.json */; };
		3750EF8618E22228007F11AB /* tfl-tube-data.json in Resources */ = {isa = PBXBuildFile; fileRef = 3750EF8318E22228007F11AB /* tfl-tube-data.json */; };
		375787C9184DDA39005386CB /* LPCNorthernLineTests.m in Sources */ = {isa = PBXBuildFile; fileRef = 375787C8184DDA39005386CB /* LPCNorthernLineTests.m */; };
		3762504018352F520061F1F4 /* LPCLine.m in Sources */ = {isa = PBXBuildFile; fileRef = 3762503F18352F520061F1F4 /* LPCLine.m */; };
		3762504318363BA30061F1F4 /* LPCStation.m in Sources */ = {isa = PBXBuildFile; fileRef = 3762504218363BA30061F1F4 /* LPCStation.m */; };
		37625049183A2F460061F1F4 /* LPCLinePosition.m in Sources */ = {isa = PBXBuildFile; fileRef = 37625048183A2F460061F1F4 /* LPCLinePosition.m */; };
		3762504F183BE9D30061F1F4 /* LPCFork.m in Sources */ = {isa = PBXBuildFile; fileRef = 3762504E183BE9D30061F1F4 /* LPCFork.m */; };
		3769ACFE1868509000D6F2B0 /* NSString+FontAwesome.m in Sources */ = {isa = PBXBuildFile; fileRef = 3769ACFB1868509000D6F2B0 /* NSString+FontAwesome.m */; };
		3769ACFF1868509000D6F2B0 /* UIFont+FontAwesome.m in Sources */ = {isa = PBXBuildFile; fileRef = 3769ACFD1868509000D6F2B0 /* UIFont+FontAwesome.m */; };
		376CD9B01823C43600D4C599 /* LPCMapAnnotation.m in Sources */ = {isa = PBXBuildFile; fileRef = 376CD9AF1823C43600D4C599 /* LPCMapAnnotation.m */; };
		3787FEA518E21DF1002B79C2 /* LPCCircleView.m in Sources */ = {isa = PBXBuildFile; fileRef = 3787FEA018E21DF1002B79C2 /* LPCCircleView.m */; };
		3787FEA618E21DF1002B79C2 /* LPCLineTableViewCell.m in Sources */ = {isa = PBXBuildFile; fileRef = 3787FEA218E21DF1002B79C2 /* LPCLineTableViewCell.m */; };
		3787FEA718E21DF1002B79C2 /* LPCOptionsCell.m in Sources */ = {isa = PBXBuildFile; fileRef = 3787FEA418E21DF1002B79C2 /* LPCOptionsCell.m */; };
		3787FEAA18E21E2A002B79C2 /* NSArray+AsCLLocationCoordinate2D.m in Sources */ = {isa = PBXBuildFile; fileRef = 3787FEA918E21E2A002B79C2 /* NSArray+AsCLLocationCoordinate2D.m */; };
		3787FEB118E21E4B002B79C2 /* LPCIAPHelper.m in Sources */ = {isa = PBXBuildFile; fileRef = 3787FEAC18E21E4B002B79C2 /* LPCIAPHelper.m */; };
		3787FEB218E21E4B002B79C2 /* LPCPurchaseHelper.m in Sources */ = {isa = PBXBuildFile; fileRef = 3787FEAE18E21E4B002B79C2 /* LPCPurchaseHelper.m */; };
		3787FEB318E21E4B002B79C2 /* LPCThemeManager.m in Sources */ = {isa = PBXBuildFile; fileRef = 3787FEB018E21E4B002B79C2 /* LPCThemeManager.m */; };
		3787FEC418E21E6A002B79C2 /* LPCBrowserViewController.m in Sources */ = {isa = PBXBuildFile; fileRef = 3787FEB518E21E6A002B79C2 /* LPCBrowserViewController.m */; };
		3787FEC518E21E6A002B79C2 /* LPCBrowserViewController.xib in Resources */ = {isa = PBXBuildFile; fileRef = 3787FEB618E21E6A002B79C2 /* LPCBrowserViewController.xib */; };
		3787FEC618E21E6A002B79C2 /* LPCForkViewController.m in Sources */ = {isa = PBXBuildFile; fileRef = 3787FEB818E21E6A002B79C2 /* LPCForkViewController.m */; };
		3787FEC718E21E6A002B79C2 /* LPCForkViewController.xib in Resources */ = {isa = PBXBuildFile; fileRef = 3787FEB918E21E6A002B79C2 /* LPCForkViewController.xib */; };
		3787FEC818E21E6A002B79C2 /* LPCLineListViewController.m in Sources */ = {isa = PBXBuildFile; fileRef = 3787FEBB18E21E6A002B79C2 /* LPCLineListViewController.m */; };
		3787FEC918E21E6A002B79C2 /* LPCLineOptionModalViewController.m in Sources */ = {isa = PBXBuildFile; fileRef = 3787FEBD18E21E6A002B79C2 /* LPCLineOptionModalViewController.m */; };
		3787FECA18E21E6A002B79C2 /* LPCLineOptionModalViewController.xib in Resources */ = {isa = PBXBuildFile; fileRef = 3787FEBE18E21E6A002B79C2 /* LPCLineOptionModalViewController.xib */; };
		3787FECB18E21E6A002B79C2 /* LPCLineViewController.m in Sources */ = {isa = PBXBuildFile; fileRef = 3787FEC018E21E6A002B79C2 /* LPCLineViewController.m */; };
		3787FECC18E21E6A002B79C2 /* LPCStationViewController.m in Sources */ = {isa = PBXBuildFile; fileRef = 3787FEC218E21E6A002B79C2 /* LPCStationViewController.m */; };
		3787FECD18E21E6A002B79C2 /* LPCStationViewController.xib in Resources */ = {isa = PBXBuildFile; fileRef = 3787FEC318E21E6A002B79C2 /* LPCStationViewController.xib */; };
		3794732E1860B7880020E2E7 /* LPCVenueRetrievalHandlerTests.m in Sources */ = {isa = PBXBuildFile; fileRef = 3794732D1860B7880020E2E7 /* LPCVenueRetrievalHandlerTests.m */; };
		37A131D6180DC9C90048975C /* MapKit.framework in Frameworks */ = {isa = PBXBuildFile; fileRef = 37A131D5180DC9C90048975C /* MapKit.framework */; };
		37BF4397180D31EC0091BE5F /* Foundation.framework in Frameworks */ = {isa = PBXBuildFile; fileRef = 37BF4396180D31EC0091BE5F /* Foundation.framework */; };
		37BF4399180D31EC0091BE5F /* CoreGraphics.framework in Frameworks */ = {isa = PBXBuildFile; fileRef = 37BF4398180D31EC0091BE5F /* CoreGraphics.framework */; };
		37BF439B180D31EC0091BE5F /* UIKit.framework in Frameworks */ = {isa = PBXBuildFile; fileRef = 37BF439A180D31EC0091BE5F /* UIKit.framework */; };
		37BF43A1180D31EC0091BE5F /* InfoPlist.strings in Resources */ = {isa = PBXBuildFile; fileRef = 37BF439F180D31EC0091BE5F /* InfoPlist.strings */; };
		37BF43A3180D31EC0091BE5F /* main.m in Sources */ = {isa = PBXBuildFile; fileRef = 37BF43A2180D31EC0091BE5F /* main.m */; };
		37BF43A7180D31EC0091BE5F /* LPCAppDelegate.m in Sources */ = {isa = PBXBuildFile; fileRef = 37BF43A6180D31EC0091BE5F /* LPCAppDelegate.m */; };
		37BF43AA180D31EC0091BE5F /* Main_iPhone.storyboard in Resources */ = {isa = PBXBuildFile; fileRef = 37BF43A8180D31EC0091BE5F /* Main_iPhone.storyboard */; };
		37BF43B2180D31EC0091BE5F /* Images.xcassets in Resources */ = {isa = PBXBuildFile; fileRef = 37BF43B1180D31EC0091BE5F /* Images.xcassets */; };
		37BF43B9180D31EC0091BE5F /* XCTest.framework in Frameworks */ = {isa = PBXBuildFile; fileRef = 37BF43B8180D31EC0091BE5F /* XCTest.framework */; };
		37BF43BA180D31EC0091BE5F /* Foundation.framework in Frameworks */ = {isa = PBXBuildFile; fileRef = 37BF4396180D31EC0091BE5F /* Foundation.framework */; };
		37BF43BB180D31ED0091BE5F /* UIKit.framework in Frameworks */ = {isa = PBXBuildFile; fileRef = 37BF439A180D31EC0091BE5F /* UIKit.framework */; };
		37BF43C3180D31ED0091BE5F /* InfoPlist.strings in Resources */ = {isa = PBXBuildFile; fileRef = 37BF43C1180D31ED0091BE5F /* InfoPlist.strings */; };
		37D4F67018E06BD900661E20 /* Offline.png in Resources */ = {isa = PBXBuildFile; fileRef = 37D4F66E18E06BD900661E20 /* Offline.png */; };
		37D4F67118E06BD900661E20 /* Offline@2x.png in Resources */ = {isa = PBXBuildFile; fileRef = 37D4F66F18E06BD900661E20 /* Offline@2x.png */; };
		37D5D239187B3EB1002269A9 /* AppIcon60x60.png in Resources */ = {isa = PBXBuildFile; fileRef = 37D5D237187B3EB1002269A9 /* AppIcon60x60.png */; };
		37D5D23A187B3EB1002269A9 /* AppIcon60x60@2x.png in Resources */ = {isa = PBXBuildFile; fileRef = 37D5D238187B3EB1002269A9 /* AppIcon60x60@2x.png */; };
		37EF4B2D18DEF2BB0063B848 /* SystemConfiguration.framework in Frameworks */ = {isa = PBXBuildFile; fileRef = 37EF4B2C18DEF2BB0063B848 /* SystemConfiguration.framework */; };
		37EF4B2F18DF2E020063B848 /* StoreKit.framework in Frameworks */ = {isa = PBXBuildFile; fileRef = 37EF4B2E18DF2E020063B848 /* StoreKit.framework */; };
		37EF4B3918DF465C0063B848 /* Frame 3.png in Resources */ = {isa = PBXBuildFile; fileRef = 37EF4B3718DF465C0063B848 /* Frame 3.png */; };
		37EF4B3A18DF465C0063B848 /* Frame 3@2x.png in Resources */ = {isa = PBXBuildFile; fileRef = 37EF4B3818DF465C0063B848 /* Frame 3@2x.png */; };
		37EF4B3F18DF468F0063B848 /* Frame 1.png in Resources */ = {isa = PBXBuildFile; fileRef = 37EF4B3B18DF468F0063B848 /* Frame 1.png */; };
		37EF4B4018DF468F0063B848 /* Frame 1@2x.png in Resources */ = {isa = PBXBuildFile; fileRef = 37EF4B3C18DF468F0063B848 /* Frame 1@2x.png */; };
		37EF4B4118DF468F0063B848 /* Frame 2.png in Resources */ = {isa = PBXBuildFile; fileRef = 37EF4B3D18DF468F0063B848 /* Frame 2.png */; };
		37EF4B4218DF468F0063B848 /* Frame 2@2x.png in Resources */ = {isa = PBXBuildFile; fileRef = 37EF4B3E18DF468F0063B848 /* Frame 2@2x.png */; };
		37EF4B4518DF48650063B848 /* Frame 4.png in Resources */ = {isa = PBXBuildFile; fileRef = 37EF4B4318DF48650063B848 /* Frame 4.png */; };
		37EF4B4618DF48650063B848 /* Frame 4@2x.png in Resources */ = {isa = PBXBuildFile; fileRef = 37EF4B4418DF48650063B848 /* Frame 4@2x.png */; };
		37EF4B6D18DF61760063B848 /* Frame 5.png in Resources */ = {isa = PBXBuildFile; fileRef = 37EF4B4718DF61760063B848 /* Frame 5.png */; };
		37EF4B6E18DF61760063B848 /* Frame 5@2x.png in Resources */ = {isa = PBXBuildFile; fileRef = 37EF4B4818DF61760063B848 /* Frame 5@2x.png */; };
		37EF4B6F18DF61760063B848 /* Frame 6.png in Resources */ = {isa = PBXBuildFile; fileRef = 37EF4B4918DF61760063B848 /* Frame 6.png */; };
		37EF4B7018DF61760063B848 /* Frame 6@2x.png in Resources */ = {isa = PBXBuildFile; fileRef = 37EF4B4A18DF61760063B848 /* Frame 6@2x.png */; };
		37EF4B7118DF61760063B848 /* Frame 7.png in Resources */ = {isa = PBXBuildFile; fileRef = 37EF4B4B18DF61760063B848 /* Frame 7.png */; };
		37EF4B7218DF61760063B848 /* Frame 7@2x.png in Resources */ = {isa = PBXBuildFile; fileRef = 37EF4B4C18DF61760063B848 /* Frame 7@2x.png */; };
		37EF4B7318DF61760063B848 /* Frame 8.png in Resources */ = {isa = PBXBuildFile; fileRef = 37EF4B4D18DF61760063B848 /* Frame 8.png */; };
		37EF4B7418DF61760063B848 /* Frame 8@2x.png in Resources */ = {isa = PBXBuildFile; fileRef = 37EF4B4E18DF61760063B848 /* Frame 8@2x.png */; };
		37EF4B7518DF61760063B848 /* Frame 9.png in Resources */ = {isa = PBXBuildFile; fileRef = 37EF4B4F18DF61760063B848 /* Frame 9.png */; };
		37EF4B7618DF61760063B848 /* Frame 9@2x.png in Resources */ = {isa = PBXBuildFile; fileRef = 37EF4B5018DF61760063B848 /* Frame 9@2x.png */; };
		37EF4B7718DF61760063B848 /* Frame 10.png in Resources */ = {isa = PBXBuildFile; fileRef = 37EF4B5118DF61760063B848 /* Frame 10.png */; };
		37EF4B7818DF61760063B848 /* Frame 10@2x.png in Resources */ = {isa = PBXBuildFile; fileRef = 37EF4B5218DF61760063B848 /* Frame 10@2x.png */; };
		37EF4B7918DF61760063B848 /* Frame 11.png in Resources */ = {isa = PBXBuildFile; fileRef = 37EF4B5318DF61760063B848 /* Frame 11.png */; };
		37EF4B7A18DF61760063B848 /* Frame 11@2x.png in Resources */ = {isa = PBXBuildFile; fileRef = 37EF4B5418DF61760063B848 /* Frame 11@2x.png */; };
		37EF4B7B18DF61760063B848 /* Frame 12.png in Resources */ = {isa = PBXBuildFile; fileRef = 37EF4B5518DF61760063B848 /* Frame 12.png */; };
		37EF4B7C18DF61760063B848 /* Frame 12@2x.png in Resources */ = {isa = PBXBuildFile; fileRef = 37EF4B5618DF61760063B848 /* Frame 12@2x.png */; };
		37EF4B7D18DF61760063B848 /* Frame 13.png in Resources */ = {isa = PBXBuildFile; fileRef = 37EF4B5718DF61760063B848 /* Frame 13.png */; };
		37EF4B7E18DF61760063B848 /* Frame 13@2x.png in Resources */ = {isa = PBXBuildFile; fileRef = 37EF4B5818DF61760063B848 /* Frame 13@2x.png */; };
		37EF4B7F18DF61760063B848 /* Frame 14.png in Resources */ = {isa = PBXBuildFile; fileRef = 37EF4B5918DF61760063B848 /* Frame 14.png */; };
		37EF4B8018DF61760063B848 /* Frame 14@2x.png in Resources */ = {isa = PBXBuildFile; fileRef = 37EF4B5A18DF61760063B848 /* Frame 14@2x.png */; };
		37EF4B8118DF61760063B848 /* Frame 15.png in Resources */ = {isa = PBXBuildFile; fileRef = 37EF4B5B18DF61760063B848 /* Frame 15.png */; };
		37EF4B8218DF61760063B848 /* Frame 15@2x.png in Resources */ = {isa = PBXBuildFile; fileRef = 37EF4B5C18DF61760063B848 /* Frame 15@2x.png */; };
		37EF4B8318DF61760063B848 /* Frame 16.png in Resources */ = {isa = PBXBuildFile; fileRef = 37EF4B5D18DF61760063B848 /* Frame 16.png */; };
		37EF4B8418DF61760063B848 /* Frame 16@2x.png in Resources */ = {isa = PBXBuildFile; fileRef = 37EF4B5E18DF61760063B848 /* Frame 16@2x.png */; };
		37EF4B8518DF61760063B848 /* Frame 17.png in Resources */ = {isa = PBXBuildFile; fileRef = 37EF4B5F18DF61760063B848 /* Frame 17.png */; };
		37EF4B8618DF61760063B848 /* Frame 17@2x.png in Resources */ = {isa = PBXBuildFile; fileRef = 37EF4B6018DF61760063B848 /* Frame 17@2x.png */; };
		37EF4B8718DF61760063B848 /* Frame 18.png in Resources */ = {isa = PBXBuildFile; fileRef = 37EF4B6118DF61760063B848 /* Frame 18.png */; };
		37EF4B8818DF61760063B848 /* Frame 18@2x.png in Resources */ = {isa = PBXBuildFile; fileRef = 37EF4B6218DF61760063B848 /* Frame 18@2x.png */; };
		37EF4B8918DF61760063B848 /* Frame 19.png in Resources */ = {isa = PBXBuildFile; fileRef = 37EF4B6318DF61760063B848 /* Frame 19.png */; };
		37EF4B8A18DF61760063B848 /* Frame 19@2x.png in Resources */ = {isa = PBXBuildFile; fileRef = 37EF4B6418DF61760063B848 /* Frame 19@2x.png */; };
		37EF4B8B18DF61760063B848 /* Frame 20.png in Resources */ = {isa = PBXBuildFile; fileRef = 37EF4B6518DF61760063B848 /* Frame 20.png */; };
		37EF4B8C18DF61760063B848 /* Frame 20@2x.png in Resources */ = {isa = PBXBuildFile; fileRef = 37EF4B6618DF61760063B848 /* Frame 20@2x.png */; };
		37EF4B8D18DF61760063B848 /* Frame 21.png in Resources */ = {isa = PBXBuildFile; fileRef = 37EF4B6718DF61760063B848 /* Frame 21.png */; };
		37EF4B8E18DF61760063B848 /* Frame 21@2x.png in Resources */ = {isa = PBXBuildFile; fileRef = 37EF4B6818DF61760063B848 /* Frame 21@2x.png */; };
		37EF4B8F18DF61760063B848 /* Frame 22.png in Resources */ = {isa = PBXBuildFile; fileRef = 37EF4B6918DF61760063B848 /* Frame 22.png */; };
		37EF4B9018DF61760063B848 /* Frame 22@2x.png in Resources */ = {isa = PBXBuildFile; fileRef = 37EF4B6A18DF61760063B848 /* Frame 22@2x.png */; };
		37EF4B9118DF61760063B848 /* Frame 23.png in Resources */ = {isa = PBXBuildFile; fileRef = 37EF4B6B18DF61760063B848 /* Frame 23.png */; };
		37EF4B9218DF61760063B848 /* Frame 23@2x.png in Resources */ = {isa = PBXBuildFile; fileRef = 37EF4B6C18DF61760063B848 /* Frame 23@2x.png */; };
		37F45A7F1843ABB70025CC9B /* LPCVenue.m in Sources */ = {isa = PBXBuildFile; fileRef = 37F45A7E1843ABB70025CC9B /* LPCVenue.m */; };
		37F6736518EDE18400AE5B46 /* LPCBuyLineView.m in Sources */ = {isa = PBXBuildFile; fileRef = 37F6736418EDE18400AE5B46 /* LPCBuyLineView.m */; };
		37F6736918EF574000AE5B46 /* LPCCreditsViewController.m in Sources */ = {isa = PBXBuildFile; fileRef = 37F6736718EF574000AE5B46 /* LPCCreditsViewController.m */; };
		37F6736A18EF574000AE5B46 /* LPCCreditsViewController.xib in Resources */ = {isa = PBXBuildFile; fileRef = 37F6736818EF574000AE5B46 /* LPCCreditsViewController.xib */; };
		37FD3F1218575FEA009B6306 /* LPCVenueRetrievalHandler.m in Sources */ = {isa = PBXBuildFile; fileRef = 37FD3F1118575FEA009B6306 /* LPCVenueRetrievalHandler.m */; };
		EAA99B8767694BFB85661A03 /* libPods.a in Frameworks */ = {isa = PBXBuildFile; fileRef = B94A750CB56A43C5B6F882C5 /* libPods.a */; };
/* End PBXBuildFile section */

/* Begin PBXContainerItemProxy section */
		37BF43BC180D31ED0091BE5F /* PBXContainerItemProxy */ = {
			isa = PBXContainerItemProxy;
			containerPortal = 37BF438B180D31EC0091BE5F /* Project object */;
			proxyType = 1;
			remoteGlobalIDString = 37BF4392180D31EC0091BE5F;
			remoteInfo = "London Pub Crawl";
		};
/* End PBXContainerItemProxy section */

/* Begin PBXFileReference section */
		37006A56185F1EC3000E0732 /* LPCDataModel.xcdatamodel */ = {isa = PBXFileReference; lastKnownFileType = wrapper.xcdatamodel; path = LPCDataModel.xcdatamodel; sourceTree = "<group>"; };
		37006A64185F4361000E0732 /* Venue.h */ = {isa = PBXFileReference; fileEncoding = 4; lastKnownFileType = sourcecode.c.h; path = Venue.h; sourceTree = "<group>"; };
		37006A65185F4361000E0732 /* Venue.m */ = {isa = PBXFileReference; fileEncoding = 4; lastKnownFileType = sourcecode.c.objc; path = Venue.m; sourceTree = "<group>"; };
		37074FDD18F3341900D86847 /* LPCCreditsCell.h */ = {isa = PBXFileReference; fileEncoding = 4; lastKnownFileType = sourcecode.c.h; path = LPCCreditsCell.h; sourceTree = "<group>"; };
		37074FDE18F3341900D86847 /* LPCCreditsCell.m */ = {isa = PBXFileReference; fileEncoding = 4; lastKnownFileType = sourcecode.c.objc; path = LPCCreditsCell.m; sourceTree = "<group>"; };
		37074FE018F334B500D86847 /* LPCCreditsTextLabel.h */ = {isa = PBXFileReference; fileEncoding = 4; lastKnownFileType = sourcecode.c.h; path = LPCCreditsTextLabel.h; sourceTree = "<group>"; };
		37074FE118F334B500D86847 /* LPCCreditsTextLabel.m */ = {isa = PBXFileReference; fileEncoding = 4; lastKnownFileType = sourcecode.c.objc; path = LPCCreditsTextLabel.m; sourceTree = "<group>"; };
		37074FE318F3368100D86847 /* foursquare-logo.png */ = {isa = PBXFileReference; lastKnownFileType = image.png; path = "foursquare-logo.png"; sourceTree = "<group>"; };
		37074FE418F3368100D86847 /* foursquare-logo@2x.png */ = {isa = PBXFileReference; lastKnownFileType = image.png; path = "foursquare-logo@2x.png"; sourceTree = "<group>"; };
		37074FE518F3368100D86847 /* mapbox-logo.png */ = {isa = PBXFileReference; lastKnownFileType = image.png; path = "mapbox-logo.png"; sourceTree = "<group>"; };
		37074FE618F3368100D86847 /* mapbox-logo@2x.png */ = {isa = PBXFileReference; lastKnownFileType = image.png; path = "mapbox-logo@2x.png"; sourceTree = "<group>"; };
		37074FE718F3368100D86847 /* options-image.png */ = {isa = PBXFileReference; lastKnownFileType = image.png; path = "options-image.png"; sourceTree = "<group>"; };
		37074FE818F3368100D86847 /* options-image@2x.png */ = {isa = PBXFileReference; lastKnownFileType = image.png; path = "options-image@2x.png"; sourceTree = "<group>"; };
		37074FEF18F3369000D86847 /* map-placeholder.png */ = {isa = PBXFileReference; lastKnownFileType = image.png; path = "map-placeholder.png"; sourceTree = "<group>"; };
		37074FF018F3369000D86847 /* map-placeholder@2x.png */ = {isa = PBXFileReference; lastKnownFileType = image.png; path = "map-placeholder@2x.png"; sourceTree = "<group>"; };
		37074FF318F34A9100D86847 /* tfl-logo@2x.png */ = {isa = PBXFileReference; lastKnownFileType = image.png; path = "tfl-logo@2x.png"; sourceTree = "<group>"; };
		37074FF518F34A9800D86847 /* tfl-logo.png */ = {isa = PBXFileReference; lastKnownFileType = image.png; path = "tfl-logo.png"; sourceTree = "<group>"; };
		371AE65E1882061500AA9557 /* AppIcon144x144.png */ = {isa = PBXFileReference; lastKnownFileType = image.png; path = AppIcon144x144.png; sourceTree = "<group>"; };
		371AE65F1882061500AA9557 /* AppIcon144x144@2x.png */ = {isa = PBXFileReference; lastKnownFileType = image.png; path = "AppIcon144x144@2x.png"; sourceTree = "<group>"; };
		373CB7C618561BE900066054 /* LPCDistrictLineTests.m */ = {isa = PBXFileReference; fileEncoding = 4; lastKnownFileType = sourcecode.c.objc; path = LPCDistrictLineTests.m; sourceTree = "<group>"; };
		3744F59418C51BC4000F6669 /* Default4inch.png */ = {isa = PBXFileReference; lastKnownFileType = image.png; path = Default4inch.png; sourceTree = "<group>"; };
		3744F59518C51BC4000F6669 /* Default35inch.png */ = {isa = PBXFileReference; lastKnownFileType = image.png; path = Default35inch.png; sourceTree = "<group>"; };
		3744F59618C51BC4000F6669 /* Default35inch@2x.png */ = {isa = PBXFileReference; lastKnownFileType = image.png; path = "Default35inch@2x.png"; sourceTree = "<group>"; };
		3750EF7B18E2216F007F11AB /* FontAwesome.ttf */ = {isa = PBXFileReference; lastKnownFileType = file; path = FontAwesome.ttf; sourceTree = "<group>"; };
		3750EF7D18E221D7007F11AB /* UIColor+HexStringFromColor.h */ = {isa = PBXFileReference; fileEncoding = 4; lastKnownFileType = sourcecode.c.h; path = "UIColor+HexStringFromColor.h"; sourceTree = "<group>"; };
		3750EF7E18E221D7007F11AB /* UIColor+HexStringFromColor.m */ = {isa = PBXFileReference; fileEncoding = 4; lastKnownFileType = sourcecode.c.objc; path = "UIColor+HexStringFromColor.m"; sourceTree = "<group>"; };
		3750EF8118E22228007F11AB /* station-pubs.json */ = {isa = PBXFileReference; fileEncoding = 4; lastKnownFileType = text.json; path = "station-pubs.json"; sourceTree = "<group>"; };
		3750EF8218E22228007F11AB /* tfl-tube-data-modified.json */ = {isa = PBXFileReference; fileEncoding = 4; lastKnownFileType = text.json; path = "tfl-tube-data-modified.json"; sourceTree = "<group>"; };
		3750EF8318E22228007F11AB /* tfl-tube-data.json */ = {isa = PBXFileReference; fileEncoding = 4; lastKnownFileType = text.json; path = "tfl-tube-data.json"; sourceTree = "<group>"; };
		375787C8184DDA39005386CB /* LPCNorthernLineTests.m */ = {isa = PBXFileReference; fileEncoding = 4; lastKnownFileType = sourcecode.c.objc; path = LPCNorthernLineTests.m; sourceTree = "<group>"; };
		3762503E18352F520061F1F4 /* LPCLine.h */ = {isa = PBXFileReference; fileEncoding = 4; lastKnownFileType = sourcecode.c.h; path = LPCLine.h; sourceTree = "<group>"; };
		3762503F18352F520061F1F4 /* LPCLine.m */ = {isa = PBXFileReference; fileEncoding = 4; lastKnownFileType = sourcecode.c.objc; path = LPCLine.m; sourceTree = "<group>"; };
		3762504118363BA30061F1F4 /* LPCStation.h */ = {isa = PBXFileReference; fileEncoding = 4; lastKnownFileType = sourcecode.c.h; path = LPCStation.h; sourceTree = "<group>"; };
		3762504218363BA30061F1F4 /* LPCStation.m */ = {isa = PBXFileReference; fileEncoding = 4; lastKnownFileType = sourcecode.c.objc; path = LPCStation.m; sourceTree = "<group>"; };
		37625047183A2F460061F1F4 /* LPCLinePosition.h */ = {isa = PBXFileReference; fileEncoding = 4; lastKnownFileType = sourcecode.c.h; path = LPCLinePosition.h; sourceTree = "<group>"; };
		37625048183A2F460061F1F4 /* LPCLinePosition.m */ = {isa = PBXFileReference; fileEncoding = 4; lastKnownFileType = sourcecode.c.objc; path = LPCLinePosition.m; sourceTree = "<group>"; };
		3762504D183BE9D30061F1F4 /* LPCFork.h */ = {isa = PBXFileReference; fileEncoding = 4; lastKnownFileType = sourcecode.c.h; path = LPCFork.h; sourceTree = "<group>"; };
		3762504E183BE9D30061F1F4 /* LPCFork.m */ = {isa = PBXFileReference; fileEncoding = 4; lastKnownFileType = sourcecode.c.objc; path = LPCFork.m; sourceTree = "<group>"; };
		3769ACFA1868509000D6F2B0 /* NSString+FontAwesome.h */ = {isa = PBXFileReference; fileEncoding = 4; lastKnownFileType = sourcecode.c.h; path = "NSString+FontAwesome.h"; sourceTree = "<group>"; };
		3769ACFB1868509000D6F2B0 /* NSString+FontAwesome.m */ = {isa = PBXFileReference; fileEncoding = 4; lastKnownFileType = sourcecode.c.objc; path = "NSString+FontAwesome.m"; sourceTree = "<group>"; };
		3769ACFC1868509000D6F2B0 /* UIFont+FontAwesome.h */ = {isa = PBXFileReference; fileEncoding = 4; lastKnownFileType = sourcecode.c.h; path = "UIFont+FontAwesome.h"; sourceTree = "<group>"; };
		3769ACFD1868509000D6F2B0 /* UIFont+FontAwesome.m */ = {isa = PBXFileReference; fileEncoding = 4; lastKnownFileType = sourcecode.c.objc; path = "UIFont+FontAwesome.m"; sourceTree = "<group>"; };
		376CD9AE1823C43600D4C599 /* LPCMapAnnotation.h */ = {isa = PBXFileReference; fileEncoding = 4; lastKnownFileType = sourcecode.c.h; path = LPCMapAnnotation.h; sourceTree = "<group>"; };
		376CD9AF1823C43600D4C599 /* LPCMapAnnotation.m */ = {isa = PBXFileReference; fileEncoding = 4; lastKnownFileType = sourcecode.c.objc; path = LPCMapAnnotation.m; sourceTree = "<group>"; };
		3787FE9F18E21DF1002B79C2 /* LPCCircleView.h */ = {isa = PBXFileReference; fileEncoding = 4; lastKnownFileType = sourcecode.c.h; path = LPCCircleView.h; sourceTree = "<group>"; };
		3787FEA018E21DF1002B79C2 /* LPCCircleView.m */ = {isa = PBXFileReference; fileEncoding = 4; lastKnownFileType = sourcecode.c.objc; path = LPCCircleView.m; sourceTree = "<group>"; };
		3787FEA118E21DF1002B79C2 /* LPCLineTableViewCell.h */ = {isa = PBXFileReference; fileEncoding = 4; lastKnownFileType = sourcecode.c.h; path = LPCLineTableViewCell.h; sourceTree = "<group>"; };
		3787FEA218E21DF1002B79C2 /* LPCLineTableViewCell.m */ = {isa = PBXFileReference; fileEncoding = 4; lastKnownFileType = sourcecode.c.objc; path = LPCLineTableViewCell.m; sourceTree = "<group>"; };
		3787FEA318E21DF1002B79C2 /* LPCOptionsCell.h */ = {isa = PBXFileReference; fileEncoding = 4; lastKnownFileType = sourcecode.c.h; path = LPCOptionsCell.h; sourceTree = "<group>"; };
		3787FEA418E21DF1002B79C2 /* LPCOptionsCell.m */ = {isa = PBXFileReference; fileEncoding = 4; lastKnownFileType = sourcecode.c.objc; path = LPCOptionsCell.m; sourceTree = "<group>"; };
		3787FEA818E21E2A002B79C2 /* NSArray+AsCLLocationCoordinate2D.h */ = {isa = PBXFileReference; fileEncoding = 4; lastKnownFileType = sourcecode.c.h; path = "NSArray+AsCLLocationCoordinate2D.h"; sourceTree = "<group>"; };
		3787FEA918E21E2A002B79C2 /* NSArray+AsCLLocationCoordinate2D.m */ = {isa = PBXFileReference; fileEncoding = 4; lastKnownFileType = sourcecode.c.objc; path = "NSArray+AsCLLocationCoordinate2D.m"; sourceTree = "<group>"; };
		3787FEAB18E21E4B002B79C2 /* LPCIAPHelper.h */ = {isa = PBXFileReference; fileEncoding = 4; lastKnownFileType = sourcecode.c.h; path = LPCIAPHelper.h; sourceTree = "<group>"; };
		3787FEAC18E21E4B002B79C2 /* LPCIAPHelper.m */ = {isa = PBXFileReference; fileEncoding = 4; lastKnownFileType = sourcecode.c.objc; path = LPCIAPHelper.m; sourceTree = "<group>"; };
		3787FEAD18E21E4B002B79C2 /* LPCPurchaseHelper.h */ = {isa = PBXFileReference; fileEncoding = 4; lastKnownFileType = sourcecode.c.h; path = LPCPurchaseHelper.h; sourceTree = "<group>"; };
		3787FEAE18E21E4B002B79C2 /* LPCPurchaseHelper.m */ = {isa = PBXFileReference; fileEncoding = 4; lastKnownFileType = sourcecode.c.objc; path = LPCPurchaseHelper.m; sourceTree = "<group>"; };
		3787FEAF18E21E4B002B79C2 /* LPCThemeManager.h */ = {isa = PBXFileReference; fileEncoding = 4; lastKnownFileType = sourcecode.c.h; path = LPCThemeManager.h; sourceTree = "<group>"; };
		3787FEB018E21E4B002B79C2 /* LPCThemeManager.m */ = {isa = PBXFileReference; fileEncoding = 4; lastKnownFileType = sourcecode.c.objc; path = LPCThemeManager.m; sourceTree = "<group>"; };
		3787FEB418E21E6A002B79C2 /* LPCBrowserViewController.h */ = {isa = PBXFileReference; fileEncoding = 4; lastKnownFileType = sourcecode.c.h; path = LPCBrowserViewController.h; sourceTree = "<group>"; };
		3787FEB518E21E6A002B79C2 /* LPCBrowserViewController.m */ = {isa = PBXFileReference; fileEncoding = 4; lastKnownFileType = sourcecode.c.objc; path = LPCBrowserViewController.m; sourceTree = "<group>"; };
		3787FEB618E21E6A002B79C2 /* LPCBrowserViewController.xib */ = {isa = PBXFileReference; fileEncoding = 4; lastKnownFileType = file.xib; path = LPCBrowserViewController.xib; sourceTree = "<group>"; };
		3787FEB718E21E6A002B79C2 /* LPCForkViewController.h */ = {isa = PBXFileReference; fileEncoding = 4; lastKnownFileType = sourcecode.c.h; path = LPCForkViewController.h; sourceTree = "<group>"; };
		3787FEB818E21E6A002B79C2 /* LPCForkViewController.m */ = {isa = PBXFileReference; fileEncoding = 4; lastKnownFileType = sourcecode.c.objc; path = LPCForkViewController.m; sourceTree = "<group>"; };
		3787FEB918E21E6A002B79C2 /* LPCForkViewController.xib */ = {isa = PBXFileReference; fileEncoding = 4; lastKnownFileType = file.xib; path = LPCForkViewController.xib; sourceTree = "<group>"; };
		3787FEBA18E21E6A002B79C2 /* LPCLineListViewController.h */ = {isa = PBXFileReference; fileEncoding = 4; lastKnownFileType = sourcecode.c.h; path = LPCLineListViewController.h; sourceTree = "<group>"; };
		3787FEBB18E21E6A002B79C2 /* LPCLineListViewController.m */ = {isa = PBXFileReference; fileEncoding = 4; lastKnownFileType = sourcecode.c.objc; path = LPCLineListViewController.m; sourceTree = "<group>"; };
		3787FEBC18E21E6A002B79C2 /* LPCLineOptionModalViewController.h */ = {isa = PBXFileReference; fileEncoding = 4; lastKnownFileType = sourcecode.c.h; path = LPCLineOptionModalViewController.h; sourceTree = "<group>"; };
		3787FEBD18E21E6A002B79C2 /* LPCLineOptionModalViewController.m */ = {isa = PBXFileReference; fileEncoding = 4; lastKnownFileType = sourcecode.c.objc; path = LPCLineOptionModalViewController.m; sourceTree = "<group>"; };
		3787FEBE18E21E6A002B79C2 /* LPCLineOptionModalViewController.xib */ = {isa = PBXFileReference; fileEncoding = 4; lastKnownFileType = file.xib; path = LPCLineOptionModalViewController.xib; sourceTree = "<group>"; };
		3787FEBF18E21E6A002B79C2 /* LPCLineViewController.h */ = {isa = PBXFileReference; fileEncoding = 4; lastKnownFileType = sourcecode.c.h; path = LPCLineViewController.h; sourceTree = "<group>"; };
		3787FEC018E21E6A002B79C2 /* LPCLineViewController.m */ = {isa = PBXFileReference; fileEncoding = 4; lastKnownFileType = sourcecode.c.objc; path = LPCLineViewController.m; sourceTree = "<group>"; };
		3787FEC118E21E6A002B79C2 /* LPCStationViewController.h */ = {isa = PBXFileReference; fileEncoding = 4; lastKnownFileType = sourcecode.c.h; path = LPCStationViewController.h; sourceTree = "<group>"; };
		3787FEC218E21E6A002B79C2 /* LPCStationViewController.m */ = {isa = PBXFileReference; fileEncoding = 4; lastKnownFileType = sourcecode.c.objc; path = LPCStationViewController.m; sourceTree = "<group>"; };
		3787FEC318E21E6A002B79C2 /* LPCStationViewController.xib */ = {isa = PBXFileReference; fileEncoding = 4; lastKnownFileType = file.xib; path = LPCStationViewController.xib; sourceTree = "<group>"; };
		3794732D1860B7880020E2E7 /* LPCVenueRetrievalHandlerTests.m */ = {isa = PBXFileReference; fileEncoding = 4; lastKnownFileType = sourcecode.c.objc; path = LPCVenueRetrievalHandlerTests.m; sourceTree = "<group>"; };
		37A131D5180DC9C90048975C /* MapKit.framework */ = {isa = PBXFileReference; lastKnownFileType = wrapper.framework; name = MapKit.framework; path = System/Library/Frameworks/MapKit.framework; sourceTree = SDKROOT; };
		37BF4393180D31EC0091BE5F /* PubCrawlLDN.app */ = {isa = PBXFileReference; explicitFileType = wrapper.application; includeInIndex = 0; path = PubCrawlLDN.app; sourceTree = BUILT_PRODUCTS_DIR; };
		37BF4396180D31EC0091BE5F /* Foundation.framework */ = {isa = PBXFileReference; lastKnownFileType = wrapper.framework; name = Foundation.framework; path = System/Library/Frameworks/Foundation.framework; sourceTree = SDKROOT; };
		37BF4398180D31EC0091BE5F /* CoreGraphics.framework */ = {isa = PBXFileReference; lastKnownFileType = wrapper.framework; name = CoreGraphics.framework; path = System/Library/Frameworks/CoreGraphics.framework; sourceTree = SDKROOT; };
		37BF439A180D31EC0091BE5F /* UIKit.framework */ = {isa = PBXFileReference; lastKnownFileType = wrapper.framework; name = UIKit.framework; path = System/Library/Frameworks/UIKit.framework; sourceTree = SDKROOT; };
		37BF439E180D31EC0091BE5F /* PubCrawlLDN-Info.plist */ = {isa = PBXFileReference; lastKnownFileType = text.plist.xml; path = "PubCrawlLDN-Info.plist"; sourceTree = "<group>"; };
		37BF43A0180D31EC0091BE5F /* en */ = {isa = PBXFileReference; lastKnownFileType = text.plist.strings; name = en; path = en.lproj/InfoPlist.strings; sourceTree = "<group>"; };
		37BF43A2180D31EC0091BE5F /* main.m */ = {isa = PBXFileReference; lastKnownFileType = sourcecode.c.objc; path = main.m; sourceTree = "<group>"; };
		37BF43A4180D31EC0091BE5F /* PubCrawlLDN-Prefix.pch */ = {isa = PBXFileReference; lastKnownFileType = sourcecode.c.h; path = "PubCrawlLDN-Prefix.pch"; sourceTree = "<group>"; };
		37BF43A5180D31EC0091BE5F /* LPCAppDelegate.h */ = {isa = PBXFileReference; lastKnownFileType = sourcecode.c.h; path = LPCAppDelegate.h; sourceTree = "<group>"; };
		37BF43A6180D31EC0091BE5F /* LPCAppDelegate.m */ = {isa = PBXFileReference; lastKnownFileType = sourcecode.c.objc; path = LPCAppDelegate.m; sourceTree = "<group>"; };
		37BF43A9180D31EC0091BE5F /* Base */ = {isa = PBXFileReference; lastKnownFileType = file.storyboard; name = Base; path = Base.lproj/Main_iPhone.storyboard; sourceTree = "<group>"; };
		37BF43B1180D31EC0091BE5F /* Images.xcassets */ = {isa = PBXFileReference; lastKnownFileType = folder.assetcatalog; path = Images.xcassets; sourceTree = "<group>"; };
		37BF43B7180D31EC0091BE5F /* PubCrawlLDNTests.xctest */ = {isa = PBXFileReference; explicitFileType = wrapper.cfbundle; includeInIndex = 0; path = PubCrawlLDNTests.xctest; sourceTree = BUILT_PRODUCTS_DIR; };
		37BF43B8180D31EC0091BE5F /* XCTest.framework */ = {isa = PBXFileReference; lastKnownFileType = wrapper.framework; name = XCTest.framework; path = Library/Frameworks/XCTest.framework; sourceTree = DEVELOPER_DIR; };
		37BF43C0180D31ED0091BE5F /* PubCrawlLDNTests-Info.plist */ = {isa = PBXFileReference; lastKnownFileType = text.plist.xml; path = "PubCrawlLDNTests-Info.plist"; sourceTree = "<group>"; };
		37BF43C2180D31ED0091BE5F /* en */ = {isa = PBXFileReference; lastKnownFileType = text.plist.strings; name = en; path = en.lproj/InfoPlist.strings; sourceTree = "<group>"; };
		37D4F66E18E06BD900661E20 /* Offline.png */ = {isa = PBXFileReference; lastKnownFileType = image.png; path = Offline.png; sourceTree = "<group>"; };
		37D4F66F18E06BD900661E20 /* Offline@2x.png */ = {isa = PBXFileReference; lastKnownFileType = image.png; path = "Offline@2x.png"; sourceTree = "<group>"; };
		37D5D237187B3EB1002269A9 /* AppIcon60x60.png */ = {isa = PBXFileReference; lastKnownFileType = image.png; path = AppIcon60x60.png; sourceTree = "<group>"; };
		37D5D238187B3EB1002269A9 /* AppIcon60x60@2x.png */ = {isa = PBXFileReference; lastKnownFileType = image.png; path = "AppIcon60x60@2x.png"; sourceTree = "<group>"; };
		37EF4B2C18DEF2BB0063B848 /* SystemConfiguration.framework */ = {isa = PBXFileReference; lastKnownFileType = wrapper.framework; name = SystemConfiguration.framework; path = System/Library/Frameworks/SystemConfiguration.framework; sourceTree = SDKROOT; };
		37EF4B2E18DF2E020063B848 /* StoreKit.framework */ = {isa = PBXFileReference; lastKnownFileType = wrapper.framework; name = StoreKit.framework; path = System/Library/Frameworks/StoreKit.framework; sourceTree = SDKROOT; };
		37EF4B3718DF465C0063B848 /* Frame 3.png */ = {isa = PBXFileReference; lastKnownFileType = image.png; path = "Frame 3.png"; sourceTree = "<group>"; };
		37EF4B3818DF465C0063B848 /* Frame 3@2x.png */ = {isa = PBXFileReference; lastKnownFileType = image.png; path = "Frame 3@2x.png"; sourceTree = "<group>"; };
		37EF4B3B18DF468F0063B848 /* Frame 1.png */ = {isa = PBXFileReference; lastKnownFileType = image.png; path = "Frame 1.png"; sourceTree = "<group>"; };
		37EF4B3C18DF468F0063B848 /* Frame 1@2x.png */ = {isa = PBXFileReference; lastKnownFileType = image.png; path = "Frame 1@2x.png"; sourceTree = "<group>"; };
		37EF4B3D18DF468F0063B848 /* Frame 2.png */ = {isa = PBXFileReference; lastKnownFileType = image.png; path = "Frame 2.png"; sourceTree = "<group>"; };
		37EF4B3E18DF468F0063B848 /* Frame 2@2x.png */ = {isa = PBXFileReference; lastKnownFileType = image.png; path = "Frame 2@2x.png"; sourceTree = "<group>"; };
		37EF4B4318DF48650063B848 /* Frame 4.png */ = {isa = PBXFileReference; lastKnownFileType = image.png; path = "Frame 4.png"; sourceTree = "<group>"; };
		37EF4B4418DF48650063B848 /* Frame 4@2x.png */ = {isa = PBXFileReference; lastKnownFileType = image.png; path = "Frame 4@2x.png"; sourceTree = "<group>"; };
		37EF4B4718DF61760063B848 /* Frame 5.png */ = {isa = PBXFileReference; lastKnownFileType = image.png; path = "Frame 5.png"; sourceTree = "<group>"; };
		37EF4B4818DF61760063B848 /* Frame 5@2x.png */ = {isa = PBXFileReference; lastKnownFileType = image.png; path = "Frame 5@2x.png"; sourceTree = "<group>"; };
		37EF4B4918DF61760063B848 /* Frame 6.png */ = {isa = PBXFileReference; lastKnownFileType = image.png; path = "Frame 6.png"; sourceTree = "<group>"; };
		37EF4B4A18DF61760063B848 /* Frame 6@2x.png */ = {isa = PBXFileReference; lastKnownFileType = image.png; path = "Frame 6@2x.png"; sourceTree = "<group>"; };
		37EF4B4B18DF61760063B848 /* Frame 7.png */ = {isa = PBXFileReference; lastKnownFileType = image.png; path = "Frame 7.png"; sourceTree = "<group>"; };
		37EF4B4C18DF61760063B848 /* Frame 7@2x.png */ = {isa = PBXFileReference; lastKnownFileType = image.png; path = "Frame 7@2x.png"; sourceTree = "<group>"; };
		37EF4B4D18DF61760063B848 /* Frame 8.png */ = {isa = PBXFileReference; lastKnownFileType = image.png; path = "Frame 8.png"; sourceTree = "<group>"; };
		37EF4B4E18DF61760063B848 /* Frame 8@2x.png */ = {isa = PBXFileReference; lastKnownFileType = image.png; path = "Frame 8@2x.png"; sourceTree = "<group>"; };
		37EF4B4F18DF61760063B848 /* Frame 9.png */ = {isa = PBXFileReference; lastKnownFileType = image.png; path = "Frame 9.png"; sourceTree = "<group>"; };
		37EF4B5018DF61760063B848 /* Frame 9@2x.png */ = {isa = PBXFileReference; lastKnownFileType = image.png; path = "Frame 9@2x.png"; sourceTree = "<group>"; };
		37EF4B5118DF61760063B848 /* Frame 10.png */ = {isa = PBXFileReference; lastKnownFileType = image.png; path = "Frame 10.png"; sourceTree = "<group>"; };
		37EF4B5218DF61760063B848 /* Frame 10@2x.png */ = {isa = PBXFileReference; lastKnownFileType = image.png; path = "Frame 10@2x.png"; sourceTree = "<group>"; };
		37EF4B5318DF61760063B848 /* Frame 11.png */ = {isa = PBXFileReference; lastKnownFileType = image.png; path = "Frame 11.png"; sourceTree = "<group>"; };
		37EF4B5418DF61760063B848 /* Frame 11@2x.png */ = {isa = PBXFileReference; lastKnownFileType = image.png; path = "Frame 11@2x.png"; sourceTree = "<group>"; };
		37EF4B5518DF61760063B848 /* Frame 12.png */ = {isa = PBXFileReference; lastKnownFileType = image.png; path = "Frame 12.png"; sourceTree = "<group>"; };
		37EF4B5618DF61760063B848 /* Frame 12@2x.png */ = {isa = PBXFileReference; lastKnownFileType = image.png; path = "Frame 12@2x.png"; sourceTree = "<group>"; };
		37EF4B5718DF61760063B848 /* Frame 13.png */ = {isa = PBXFileReference; lastKnownFileType = image.png; path = "Frame 13.png"; sourceTree = "<group>"; };
		37EF4B5818DF61760063B848 /* Frame 13@2x.png */ = {isa = PBXFileReference; lastKnownFileType = image.png; path = "Frame 13@2x.png"; sourceTree = "<group>"; };
		37EF4B5918DF61760063B848 /* Frame 14.png */ = {isa = PBXFileReference; lastKnownFileType = image.png; path = "Frame 14.png"; sourceTree = "<group>"; };
		37EF4B5A18DF61760063B848 /* Frame 14@2x.png */ = {isa = PBXFileReference; lastKnownFileType = image.png; path = "Frame 14@2x.png"; sourceTree = "<group>"; };
		37EF4B5B18DF61760063B848 /* Frame 15.png */ = {isa = PBXFileReference; lastKnownFileType = image.png; path = "Frame 15.png"; sourceTree = "<group>"; };
		37EF4B5C18DF61760063B848 /* Frame 15@2x.png */ = {isa = PBXFileReference; lastKnownFileType = image.png; path = "Frame 15@2x.png"; sourceTree = "<group>"; };
		37EF4B5D18DF61760063B848 /* Frame 16.png */ = {isa = PBXFileReference; lastKnownFileType = image.png; path = "Frame 16.png"; sourceTree = "<group>"; };
		37EF4B5E18DF61760063B848 /* Frame 16@2x.png */ = {isa = PBXFileReference; lastKnownFileType = image.png; path = "Frame 16@2x.png"; sourceTree = "<group>"; };
		37EF4B5F18DF61760063B848 /* Frame 17.png */ = {isa = PBXFileReference; lastKnownFileType = image.png; path = "Frame 17.png"; sourceTree = "<group>"; };
		37EF4B6018DF61760063B848 /* Frame 17@2x.png */ = {isa = PBXFileReference; lastKnownFileType = image.png; path = "Frame 17@2x.png"; sourceTree = "<group>"; };
		37EF4B6118DF61760063B848 /* Frame 18.png */ = {isa = PBXFileReference; lastKnownFileType = image.png; path = "Frame 18.png"; sourceTree = "<group>"; };
		37EF4B6218DF61760063B848 /* Frame 18@2x.png */ = {isa = PBXFileReference; lastKnownFileType = image.png; path = "Frame 18@2x.png"; sourceTree = "<group>"; };
		37EF4B6318DF61760063B848 /* Frame 19.png */ = {isa = PBXFileReference; lastKnownFileType = image.png; path = "Frame 19.png"; sourceTree = "<group>"; };
		37EF4B6418DF61760063B848 /* Frame 19@2x.png */ = {isa = PBXFileReference; lastKnownFileType = image.png; path = "Frame 19@2x.png"; sourceTree = "<group>"; };
		37EF4B6518DF61760063B848 /* Frame 20.png */ = {isa = PBXFileReference; lastKnownFileType = image.png; path = "Frame 20.png"; sourceTree = "<group>"; };
		37EF4B6618DF61760063B848 /* Frame 20@2x.png */ = {isa = PBXFileReference; lastKnownFileType = image.png; path = "Frame 20@2x.png"; sourceTree = "<group>"; };
		37EF4B6718DF61760063B848 /* Frame 21.png */ = {isa = PBXFileReference; lastKnownFileType = image.png; path = "Frame 21.png"; sourceTree = "<group>"; };
		37EF4B6818DF61760063B848 /* Frame 21@2x.png */ = {isa = PBXFileReference; lastKnownFileType = image.png; path = "Frame 21@2x.png"; sourceTree = "<group>"; };
		37EF4B6918DF61760063B848 /* Frame 22.png */ = {isa = PBXFileReference; lastKnownFileType = image.png; path = "Frame 22.png"; sourceTree = "<group>"; };
		37EF4B6A18DF61760063B848 /* Frame 22@2x.png */ = {isa = PBXFileReference; lastKnownFileType = image.png; path = "Frame 22@2x.png"; sourceTree = "<group>"; };
		37EF4B6B18DF61760063B848 /* Frame 23.png */ = {isa = PBXFileReference; lastKnownFileType = image.png; path = "Frame 23.png"; sourceTree = "<group>"; };
		37EF4B6C18DF61760063B848 /* Frame 23@2x.png */ = {isa = PBXFileReference; lastKnownFileType = image.png; path = "Frame 23@2x.png"; sourceTree = "<group>"; };
		37F45A7D1843ABB70025CC9B /* LPCVenue.h */ = {isa = PBXFileReference; fileEncoding = 4; lastKnownFileType = sourcecode.c.h; path = LPCVenue.h; sourceTree = "<group>"; };
		37F45A7E1843ABB70025CC9B /* LPCVenue.m */ = {isa = PBXFileReference; fileEncoding = 4; lastKnownFileType = sourcecode.c.objc; path = LPCVenue.m; sourceTree = "<group>"; };
		37F6736318EDE18400AE5B46 /* LPCBuyLineView.h */ = {isa = PBXFileReference; fileEncoding = 4; lastKnownFileType = sourcecode.c.h; path = LPCBuyLineView.h; sourceTree = "<group>"; };
		37F6736418EDE18400AE5B46 /* LPCBuyLineView.m */ = {isa = PBXFileReference; fileEncoding = 4; lastKnownFileType = sourcecode.c.objc; path = LPCBuyLineView.m; sourceTree = "<group>"; };
		37F6736618EF574000AE5B46 /* LPCCreditsViewController.h */ = {isa = PBXFileReference; fileEncoding = 4; lastKnownFileType = sourcecode.c.h; path = LPCCreditsViewController.h; sourceTree = "<group>"; };
		37F6736718EF574000AE5B46 /* LPCCreditsViewController.m */ = {isa = PBXFileReference; fileEncoding = 4; lastKnownFileType = sourcecode.c.objc; path = LPCCreditsViewController.m; sourceTree = "<group>"; };
		37F6736818EF574000AE5B46 /* LPCCreditsViewController.xib */ = {isa = PBXFileReference; fileEncoding = 4; lastKnownFileType = file.xib; path = LPCCreditsViewController.xib; sourceTree = "<group>"; };
		37FD3F1018575FEA009B6306 /* LPCVenueRetrievalHandler.h */ = {isa = PBXFileReference; fileEncoding = 4; lastKnownFileType = sourcecode.c.h; path = LPCVenueRetrievalHandler.h; sourceTree = "<group>"; };
		37FD3F1118575FEA009B6306 /* LPCVenueRetrievalHandler.m */ = {isa = PBXFileReference; fileEncoding = 4; lastKnownFileType = sourcecode.c.objc; path = LPCVenueRetrievalHandler.m; sourceTree = "<group>"; };
		4DCF27477E104A96B73E0C6D /* Pods.xcconfig */ = {isa = PBXFileReference; includeInIndex = 1; lastKnownFileType = text.xcconfig; name = Pods.xcconfig; path = Pods/Pods.xcconfig; sourceTree = "<group>"; };
		B94A750CB56A43C5B6F882C5 /* libPods.a */ = {isa = PBXFileReference; explicitFileType = archive.ar; includeInIndex = 0; path = libPods.a; sourceTree = BUILT_PRODUCTS_DIR; };
/* End PBXFileReference section */

/* Begin PBXFrameworksBuildPhase section */
		37BF4390180D31EC0091BE5F /* Frameworks */ = {
			isa = PBXFrameworksBuildPhase;
			buildActionMask = 2147483647;
			files = (
				37EF4B2F18DF2E020063B848 /* StoreKit.framework in Frameworks */,
				37EF4B2D18DEF2BB0063B848 /* SystemConfiguration.framework in Frameworks */,
				37A131D6180DC9C90048975C /* MapKit.framework in Frameworks */,
				37BF4399180D31EC0091BE5F /* CoreGraphics.framework in Frameworks */,
				37BF439B180D31EC0091BE5F /* UIKit.framework in Frameworks */,
				37BF4397180D31EC0091BE5F /* Foundation.framework in Frameworks */,
				EAA99B8767694BFB85661A03 /* libPods.a in Frameworks */,
			);
			runOnlyForDeploymentPostprocessing = 0;
		};
		37BF43B4180D31EC0091BE5F /* Frameworks */ = {
			isa = PBXFrameworksBuildPhase;
			buildActionMask = 2147483647;
			files = (
				37BF43B9180D31EC0091BE5F /* XCTest.framework in Frameworks */,
				37BF43BB180D31ED0091BE5F /* UIKit.framework in Frameworks */,
				37BF43BA180D31EC0091BE5F /* Foundation.framework in Frameworks */,
			);
			runOnlyForDeploymentPostprocessing = 0;
		};
/* End PBXFrameworksBuildPhase section */

/* Begin PBXGroup section */
		37006A54185F1E6A000E0732 /* Data */ = {
			isa = PBXGroup;
			children = (
				37006A55185F1EC3000E0732 /* LPCDataModel.xcdatamodeld */,
			);
			path = Data;
			sourceTree = "<group>";
		};
		370FEA68180D7F5200692418 /* Resources */ = {
			isa = PBXGroup;
			children = (
				3750EF8018E22228007F11AB /* Static Data */,
				3787FED018E21FDF002B79C2 /* Fonts */,
				3787FECF18E21F96002B79C2 /* Images */,
			);
			path = Resources;
			sourceTree = "<group>";
		};
		3750EF8018E22228007F11AB /* Static Data */ = {
			isa = PBXGroup;
			children = (
				3750EF8118E22228007F11AB /* station-pubs.json */,
				3750EF8218E22228007F11AB /* tfl-tube-data-modified.json */,
				3750EF8318E22228007F11AB /* tfl-tube-data.json */,
			);
			path = "Static Data";
			sourceTree = "<group>";
		};
		3762503D18352F390061F1F4 /* Models */ = {
			isa = PBXGroup;
			children = (
				3762503E18352F520061F1F4 /* LPCLine.h */,
				3762503F18352F520061F1F4 /* LPCLine.m */,
				3762504118363BA30061F1F4 /* LPCStation.h */,
				3762504218363BA30061F1F4 /* LPCStation.m */,
				37625047183A2F460061F1F4 /* LPCLinePosition.h */,
				37625048183A2F460061F1F4 /* LPCLinePosition.m */,
				3762504D183BE9D30061F1F4 /* LPCFork.h */,
				3762504E183BE9D30061F1F4 /* LPCFork.m */,
				37F45A7D1843ABB70025CC9B /* LPCVenue.h */,
				37F45A7E1843ABB70025CC9B /* LPCVenue.m */,
				37006A64185F4361000E0732 /* Venue.h */,
				37006A65185F4361000E0732 /* Venue.m */,
			);
			path = Models;
			sourceTree = "<group>";
		};
		3769ACF91868509000D6F2B0 /* Categories */ = {
			isa = PBXGroup;
			children = (
				3787FEA818E21E2A002B79C2 /* NSArray+AsCLLocationCoordinate2D.h */,
				3787FEA918E21E2A002B79C2 /* NSArray+AsCLLocationCoordinate2D.m */,
				3769ACFA1868509000D6F2B0 /* NSString+FontAwesome.h */,
				3769ACFB1868509000D6F2B0 /* NSString+FontAwesome.m */,
				3750EF7D18E221D7007F11AB /* UIColor+HexStringFromColor.h */,
				3750EF7E18E221D7007F11AB /* UIColor+HexStringFromColor.m */,
				3769ACFC1868509000D6F2B0 /* UIFont+FontAwesome.h */,
				3769ACFD1868509000D6F2B0 /* UIFont+FontAwesome.m */,
			);
			path = Categories;
			sourceTree = "<group>";
		};
		3787FE9C18E21C32002B79C2 /* Helpers */ = {
			isa = PBXGroup;
			children = (
				3787FEAB18E21E4B002B79C2 /* LPCIAPHelper.h */,
				3787FEAC18E21E4B002B79C2 /* LPCIAPHelper.m */,
				3787FEAD18E21E4B002B79C2 /* LPCPurchaseHelper.h */,
				3787FEAE18E21E4B002B79C2 /* LPCPurchaseHelper.m */,
				3787FEAF18E21E4B002B79C2 /* LPCThemeManager.h */,
				3787FEB018E21E4B002B79C2 /* LPCThemeManager.m */,
			);
			path = Helpers;
			sourceTree = "<group>";
		};
		3787FE9D18E21C32002B79C2 /* ViewControllers */ = {
			isa = PBXGroup;
			children = (
				3787FEB418E21E6A002B79C2 /* LPCBrowserViewController.h */,
				3787FEB518E21E6A002B79C2 /* LPCBrowserViewController.m */,
				3787FEB618E21E6A002B79C2 /* LPCBrowserViewController.xib */,
				37F6736618EF574000AE5B46 /* LPCCreditsViewController.h */,
				37F6736718EF574000AE5B46 /* LPCCreditsViewController.m */,
				37F6736818EF574000AE5B46 /* LPCCreditsViewController.xib */,
				3787FEB718E21E6A002B79C2 /* LPCForkViewController.h */,
				3787FEB818E21E6A002B79C2 /* LPCForkViewController.m */,
				3787FEB918E21E6A002B79C2 /* LPCForkViewController.xib */,
				3787FEBA18E21E6A002B79C2 /* LPCLineListViewController.h */,
				3787FEBB18E21E6A002B79C2 /* LPCLineListViewController.m */,
				3787FEBC18E21E6A002B79C2 /* LPCLineOptionModalViewController.h */,
				3787FEBD18E21E6A002B79C2 /* LPCLineOptionModalViewController.m */,
				3787FEBE18E21E6A002B79C2 /* LPCLineOptionModalViewController.xib */,
				3787FEBF18E21E6A002B79C2 /* LPCLineViewController.h */,
				3787FEC018E21E6A002B79C2 /* LPCLineViewController.m */,
				3787FEC118E21E6A002B79C2 /* LPCStationViewController.h */,
				3787FEC218E21E6A002B79C2 /* LPCStationViewController.m */,
				3787FEC318E21E6A002B79C2 /* LPCStationViewController.xib */,
			);
			path = ViewControllers;
			sourceTree = "<group>";
		};
		3787FE9E18E21CD6002B79C2 /* Views */ = {
			isa = PBXGroup;
			children = (
				37F6736318EDE18400AE5B46 /* LPCBuyLineView.h */,
				37F6736418EDE18400AE5B46 /* LPCBuyLineView.m */,
				3787FE9F18E21DF1002B79C2 /* LPCCircleView.h */,
				3787FEA018E21DF1002B79C2 /* LPCCircleView.m */,
				37074FDD18F3341900D86847 /* LPCCreditsCell.h */,
				37074FDE18F3341900D86847 /* LPCCreditsCell.m */,
				37074FE018F334B500D86847 /* LPCCreditsTextLabel.h */,
				37074FE118F334B500D86847 /* LPCCreditsTextLabel.m */,
				3787FEA118E21DF1002B79C2 /* LPCLineTableViewCell.h */,
				3787FEA218E21DF1002B79C2 /* LPCLineTableViewCell.m */,
				3787FEA318E21DF1002B79C2 /* LPCOptionsCell.h */,
				3787FEA418E21DF1002B79C2 /* LPCOptionsCell.m */,
			);
			path = Views;
			sourceTree = "<group>";
		};
		3787FECE18E21F85002B79C2 /* System */ = {
			isa = PBXGroup;
			children = (
				3744F59418C51BC4000F6669 /* Default4inch.png */,
				3744F59518C51BC4000F6669 /* Default35inch.png */,
				3744F59618C51BC4000F6669 /* Default35inch@2x.png */,
				371AE65E1882061500AA9557 /* AppIcon144x144.png */,
				371AE65F1882061500AA9557 /* AppIcon144x144@2x.png */,
				37D5D237187B3EB1002269A9 /* AppIcon60x60.png */,
				37D5D238187B3EB1002269A9 /* AppIcon60x60@2x.png */,
			);
			path = System;
			sourceTree = "<group>";
		};
		3787FECF18E21F96002B79C2 /* Images */ = {
			isa = PBXGroup;
			children = (
				37074FF518F34A9800D86847 /* tfl-logo.png */,
				37074FF318F34A9100D86847 /* tfl-logo@2x.png */,
				37074FEF18F3369000D86847 /* map-placeholder.png */,
				37074FF018F3369000D86847 /* map-placeholder@2x.png */,
				37074FE318F3368100D86847 /* foursquare-logo.png */,
				37074FE418F3368100D86847 /* foursquare-logo@2x.png */,
				37074FE518F3368100D86847 /* mapbox-logo.png */,
				37074FE618F3368100D86847 /* mapbox-logo@2x.png */,
				37074FE718F3368100D86847 /* options-image.png */,
				37074FE818F3368100D86847 /* options-image@2x.png */,
				37EF4B3618DF465C0063B848 /* Loading */,
				3787FECE18E21F85002B79C2 /* System */,
			);
			path = Images;
			sourceTree = "<group>";
		};
		3787FED018E21FDF002B79C2 /* Fonts */ = {
			isa = PBXGroup;
			children = (
				3750EF7B18E2216F007F11AB /* FontAwesome.ttf */,
			);
			path = Fonts;
			sourceTree = "<group>";
		};
		37BF438A180D31EC0091BE5F = {
			isa = PBXGroup;
			children = (
				37BF439C180D31EC0091BE5F /* London Pub Crawl */,
				37BF43BE180D31ED0091BE5F /* London Pub CrawlTests */,
				37BF4395180D31EC0091BE5F /* Frameworks */,
				37BF4394180D31EC0091BE5F /* Products */,
				4DCF27477E104A96B73E0C6D /* Pods.xcconfig */,
			);
			sourceTree = "<group>";
		};
		37BF4394180D31EC0091BE5F /* Products */ = {
			isa = PBXGroup;
			children = (
				37BF4393180D31EC0091BE5F /* PubCrawlLDN.app */,
				37BF43B7180D31EC0091BE5F /* PubCrawlLDNTests.xctest */,
			);
			name = Products;
			sourceTree = "<group>";
		};
		37BF4395180D31EC0091BE5F /* Frameworks */ = {
			isa = PBXGroup;
			children = (
				37EF4B2E18DF2E020063B848 /* StoreKit.framework */,
				37EF4B2C18DEF2BB0063B848 /* SystemConfiguration.framework */,
				37A131D5180DC9C90048975C /* MapKit.framework */,
				37BF4396180D31EC0091BE5F /* Foundation.framework */,
				37BF4398180D31EC0091BE5F /* CoreGraphics.framework */,
				37BF439A180D31EC0091BE5F /* UIKit.framework */,
				37BF43B8180D31EC0091BE5F /* XCTest.framework */,
				B94A750CB56A43C5B6F882C5 /* libPods.a */,
			);
			name = Frameworks;
			sourceTree = "<group>";
		};
		37BF439C180D31EC0091BE5F /* London Pub Crawl */ = {
			isa = PBXGroup;
			children = (
				3787FE9E18E21CD6002B79C2 /* Views */,
				3769ACF91868509000D6F2B0 /* Categories */,
				37006A54185F1E6A000E0732 /* Data */,
				37FD3F0F18575FC2009B6306 /* Data Retrieval */,
				3787FE9C18E21C32002B79C2 /* Helpers */,
				37BF43B1180D31EC0091BE5F /* Images.xcassets */,
				37BF43A5180D31EC0091BE5F /* LPCAppDelegate.h */,
				37BF43A6180D31EC0091BE5F /* LPCAppDelegate.m */,
				376CD9AE1823C43600D4C599 /* LPCMapAnnotation.h */,
				376CD9AF1823C43600D4C599 /* LPCMapAnnotation.m */,
				37BF43A8180D31EC0091BE5F /* Main_iPhone.storyboard */,
				3762503D18352F390061F1F4 /* Models */,
				370FEA68180D7F5200692418 /* Resources */,
				37BF439D180D31EC0091BE5F /* Supporting Files */,
				3787FE9D18E21C32002B79C2 /* ViewControllers */,
			);
			path = "London Pub Crawl";
			sourceTree = "<group>";
		};
		37BF439D180D31EC0091BE5F /* Supporting Files */ = {
			isa = PBXGroup;
			children = (
				37BF439F180D31EC0091BE5F /* InfoPlist.strings */,
				37BF439E180D31EC0091BE5F /* PubCrawlLDN-Info.plist */,
				37BF43A4180D31EC0091BE5F /* PubCrawlLDN-Prefix.pch */,
				37BF43A2180D31EC0091BE5F /* main.m */,
			);
			name = "Supporting Files";
			sourceTree = "<group>";
		};
		37BF43BE180D31ED0091BE5F /* London Pub CrawlTests */ = {
			isa = PBXGroup;
			children = (
				3794732D1860B7880020E2E7 /* LPCVenueRetrievalHandlerTests.m */,
				373CB7C618561BE900066054 /* LPCDistrictLineTests.m */,
				375787C8184DDA39005386CB /* LPCNorthernLineTests.m */,
				37BF43BF180D31ED0091BE5F /* Supporting Files */,
			);
			path = "London Pub CrawlTests";
			sourceTree = "<group>";
		};
		37BF43BF180D31ED0091BE5F /* Supporting Files */ = {
			isa = PBXGroup;
			children = (
				37BF43C0180D31ED0091BE5F /* PubCrawlLDNTests-Info.plist */,
				37BF43C1180D31ED0091BE5F /* InfoPlist.strings */,
			);
			name = "Supporting Files";
			sourceTree = "<group>";
		};
		37EF4B3618DF465C0063B848 /* Loading */ = {
			isa = PBXGroup;
			children = (
				37D4F66E18E06BD900661E20 /* Offline.png */,
				37D4F66F18E06BD900661E20 /* Offline@2x.png */,
				37EF4B4718DF61760063B848 /* Frame 5.png */,
				37EF4B4818DF61760063B848 /* Frame 5@2x.png */,
				37EF4B4918DF61760063B848 /* Frame 6.png */,
				37EF4B4A18DF61760063B848 /* Frame 6@2x.png */,
				37EF4B4B18DF61760063B848 /* Frame 7.png */,
				37EF4B4C18DF61760063B848 /* Frame 7@2x.png */,
				37EF4B4D18DF61760063B848 /* Frame 8.png */,
				37EF4B4E18DF61760063B848 /* Frame 8@2x.png */,
				37EF4B4F18DF61760063B848 /* Frame 9.png */,
				37EF4B5018DF61760063B848 /* Frame 9@2x.png */,
				37EF4B5118DF61760063B848 /* Frame 10.png */,
				37EF4B5218DF61760063B848 /* Frame 10@2x.png */,
				37EF4B5318DF61760063B848 /* Frame 11.png */,
				37EF4B5418DF61760063B848 /* Frame 11@2x.png */,
				37EF4B5518DF61760063B848 /* Frame 12.png */,
				37EF4B5618DF61760063B848 /* Frame 12@2x.png */,
				37EF4B5718DF61760063B848 /* Frame 13.png */,
				37EF4B5818DF61760063B848 /* Frame 13@2x.png */,
				37EF4B5918DF61760063B848 /* Frame 14.png */,
				37EF4B5A18DF61760063B848 /* Frame 14@2x.png */,
				37EF4B5B18DF61760063B848 /* Frame 15.png */,
				37EF4B5C18DF61760063B848 /* Frame 15@2x.png */,
				37EF4B5D18DF61760063B848 /* Frame 16.png */,
				37EF4B5E18DF61760063B848 /* Frame 16@2x.png */,
				37EF4B5F18DF61760063B848 /* Frame 17.png */,
				37EF4B6018DF61760063B848 /* Frame 17@2x.png */,
				37EF4B6118DF61760063B848 /* Frame 18.png */,
				37EF4B6218DF61760063B848 /* Frame 18@2x.png */,
				37EF4B6318DF61760063B848 /* Frame 19.png */,
				37EF4B6418DF61760063B848 /* Frame 19@2x.png */,
				37EF4B6518DF61760063B848 /* Frame 20.png */,
				37EF4B6618DF61760063B848 /* Frame 20@2x.png */,
				37EF4B6718DF61760063B848 /* Frame 21.png */,
				37EF4B6818DF61760063B848 /* Frame 21@2x.png */,
				37EF4B6918DF61760063B848 /* Frame 22.png */,
				37EF4B6A18DF61760063B848 /* Frame 22@2x.png */,
				37EF4B6B18DF61760063B848 /* Frame 23.png */,
				37EF4B6C18DF61760063B848 /* Frame 23@2x.png */,
				37EF4B4318DF48650063B848 /* Frame 4.png */,
				37EF4B4418DF48650063B848 /* Frame 4@2x.png */,
				37EF4B3B18DF468F0063B848 /* Frame 1.png */,
				37EF4B3C18DF468F0063B848 /* Frame 1@2x.png */,
				37EF4B3D18DF468F0063B848 /* Frame 2.png */,
				37EF4B3E18DF468F0063B848 /* Frame 2@2x.png */,
				37EF4B3718DF465C0063B848 /* Frame 3.png */,
				37EF4B3818DF465C0063B848 /* Frame 3@2x.png */,
			);
			path = Loading;
			sourceTree = "<group>";
		};
		37FD3F0F18575FC2009B6306 /* Data Retrieval */ = {
			isa = PBXGroup;
			children = (
				37FD3F1018575FEA009B6306 /* LPCVenueRetrievalHandler.h */,
				37FD3F1118575FEA009B6306 /* LPCVenueRetrievalHandler.m */,
			);
			path = "Data Retrieval";
			sourceTree = "<group>";
		};
/* End PBXGroup section */

/* Begin PBXNativeTarget section */
		37BF4392180D31EC0091BE5F /* PubCrawlLDN */ = {
			isa = PBXNativeTarget;
			buildConfigurationList = 37BF43C8180D31ED0091BE5F /* Build configuration list for PBXNativeTarget "PubCrawlLDN" */;
			buildPhases = (
				014E55C0029E4978A67AA5E2 /* Check Pods Manifest.lock */,
				37BF438F180D31EC0091BE5F /* Sources */,
				37BF4390180D31EC0091BE5F /* Frameworks */,
				37BF4391180D31EC0091BE5F /* Resources */,
				48673DF67E4446A299F2E2B7 /* Copy Pods Resources */,
			);
			buildRules = (
			);
			dependencies = (
			);
			name = PubCrawlLDN;
			productName = "London Pub Crawl";
			productReference = 37BF4393180D31EC0091BE5F /* PubCrawlLDN.app */;
			productType = "com.apple.product-type.application";
		};
		37BF43B6180D31EC0091BE5F /* PubCrawlLDNTests */ = {
			isa = PBXNativeTarget;
			buildConfigurationList = 37BF43CB180D31ED0091BE5F /* Build configuration list for PBXNativeTarget "PubCrawlLDNTests" */;
			buildPhases = (
				37BF43B3180D31EC0091BE5F /* Sources */,
				37BF43B4180D31EC0091BE5F /* Frameworks */,
				37BF43B5180D31EC0091BE5F /* Resources */,
			);
			buildRules = (
			);
			dependencies = (
				37BF43BD180D31ED0091BE5F /* PBXTargetDependency */,
			);
			name = PubCrawlLDNTests;
			productName = "London Pub CrawlTests";
			productReference = 37BF43B7180D31EC0091BE5F /* PubCrawlLDNTests.xctest */;
			productType = "com.apple.product-type.bundle.unit-test";
		};
/* End PBXNativeTarget section */

/* Begin PBXProject section */
		37BF438B180D31EC0091BE5F /* Project object */ = {
			isa = PBXProject;
			attributes = {
				CLASSPREFIX = LPC;
				LastUpgradeCheck = 0500;
				ORGANIZATIONNAME = LondonPubCrawl;
				TargetAttributes = {
					37BF4392180D31EC0091BE5F = {
						DevelopmentTeam = 3G436HD8ZY;
					};
					37BF43B6180D31EC0091BE5F = {
						TestTargetID = 37BF4392180D31EC0091BE5F;
					};
				};
			};
			buildConfigurationList = 37BF438E180D31EC0091BE5F /* Build configuration list for PBXProject "PubCrawlLDN" */;
			compatibilityVersion = "Xcode 3.2";
			developmentRegion = English;
			hasScannedForEncodings = 0;
			knownRegions = (
				en,
				Base,
			);
			mainGroup = 37BF438A180D31EC0091BE5F;
			productRefGroup = 37BF4394180D31EC0091BE5F /* Products */;
			projectDirPath = "";
			projectRoot = "";
			targets = (
				37BF4392180D31EC0091BE5F /* PubCrawlLDN */,
				37BF43B6180D31EC0091BE5F /* PubCrawlLDNTests */,
			);
		};
/* End PBXProject section */

/* Begin PBXResourcesBuildPhase section */
		37BF4391180D31EC0091BE5F /* Resources */ = {
			isa = PBXResourcesBuildPhase;
			buildActionMask = 2147483647;
			files = (
				37EF4B8218DF61760063B848 /* Frame 15@2x.png in Resources */,
				3750EF7C18E2216F007F11AB /* FontAwesome.ttf in Resources */,
				37074FF618F34A9800D86847 /* tfl-logo.png in Resources */,
				37EF4B8418DF61760063B848 /* Frame 16@2x.png in Resources */,
				37EF4B7A18DF61760063B848 /* Frame 11@2x.png in Resources */,
				3744F59918C51BC4000F6669 /* Default35inch@2x.png in Resources */,
				37074FE918F3368100D86847 /* foursquare-logo.png in Resources */,
				3744F59818C51BC4000F6669 /* Default35inch.png in Resources */,
				37D5D23A187B3EB1002269A9 /* AppIcon60x60@2x.png in Resources */,
				37D4F67118E06BD900661E20 /* Offline@2x.png in Resources */,
				37EF4B8A18DF61760063B848 /* Frame 19@2x.png in Resources */,
				37EF4B8F18DF61760063B848 /* Frame 22.png in Resources */,
				3750EF8518E22228007F11AB /* tfl-tube-data-modified.json in Resources */,
				37EF4B3F18DF468F0063B848 /* Frame 1.png in Resources */,
				3750EF8618E22228007F11AB /* tfl-tube-data.json in Resources */,
				37EF4B8618DF61760063B848 /* Frame 17@2x.png in Resources */,
				37EF4B7118DF61760063B848 /* Frame 7.png in Resources */,
				3787FECA18E21E6A002B79C2 /* LPCLineOptionModalViewController.xib in Resources */,
				37F6736A18EF574000AE5B46 /* LPCCreditsViewController.xib in Resources */,
				37074FF118F3369000D86847 /* map-placeholder.png in Resources */,
				37074FEA18F3368100D86847 /* foursquare-logo@2x.png in Resources */,
				37EF4B7518DF61760063B848 /* Frame 9.png in Resources */,
				37EF4B7818DF61760063B848 /* Frame 10@2x.png in Resources */,
				37EF4B7418DF61760063B848 /* Frame 8@2x.png in Resources */,
				37EF4B7E18DF61760063B848 /* Frame 13@2x.png in Resources */,
				3787FEC718E21E6A002B79C2 /* LPCForkViewController.xib in Resources */,
				37D5D239187B3EB1002269A9 /* AppIcon60x60.png in Resources */,
				37074FEE18F3368100D86847 /* options-image@2x.png in Resources */,
				37EF4B8118DF61760063B848 /* Frame 15.png in Resources */,
				3744F59718C51BC4000F6669 /* Default4inch.png in Resources */,
				37EF4B3A18DF465C0063B848 /* Frame 3@2x.png in Resources */,
				37EF4B8C18DF61760063B848 /* Frame 20@2x.png in Resources */,
				37EF4B8718DF61760063B848 /* Frame 18.png in Resources */,
				37EF4B8E18DF61760063B848 /* Frame 21@2x.png in Resources */,
				37EF4B8918DF61760063B848 /* Frame 19.png in Resources */,
				37EF4B8318DF61760063B848 /* Frame 16.png in Resources */,
				37BF43B2180D31EC0091BE5F /* Images.xcassets in Resources */,
				37EF4B8B18DF61760063B848 /* Frame 20.png in Resources */,
				37EF4B8018DF61760063B848 /* Frame 14@2x.png in Resources */,
				37BF43AA180D31EC0091BE5F /* Main_iPhone.storyboard in Resources */,
				37EF4B4218DF468F0063B848 /* Frame 2@2x.png in Resources */,
				37EF4B9118DF61760063B848 /* Frame 23.png in Resources */,
				3750EF8418E22228007F11AB /* station-pubs.json in Resources */,
				37EF4B4118DF468F0063B848 /* Frame 2.png in Resources */,
				37EF4B8818DF61760063B848 /* Frame 18@2x.png in Resources */,
				37EF4B4618DF48650063B848 /* Frame 4@2x.png in Resources */,
				37EF4B7018DF61760063B848 /* Frame 6@2x.png in Resources */,
				37EF4B7B18DF61760063B848 /* Frame 12.png in Resources */,
				37EF4B8518DF61760063B848 /* Frame 17.png in Resources */,
				37EF4B7618DF61760063B848 /* Frame 9@2x.png in Resources */,
				37074FF218F3369000D86847 /* map-placeholder@2x.png in Resources */,
				37074FEB18F3368100D86847 /* mapbox-logo.png in Resources */,
				37EF4B4518DF48650063B848 /* Frame 4.png in Resources */,
				37EF4B6E18DF61760063B848 /* Frame 5@2x.png in Resources */,
				37EF4B4018DF468F0063B848 /* Frame 1@2x.png in Resources */,
				37EF4B7918DF61760063B848 /* Frame 11.png in Resources */,
				37EF4B9218DF61760063B848 /* Frame 23@2x.png in Resources */,
				37074FF418F34A9100D86847 /* tfl-logo@2x.png in Resources */,
				3787FEC518E21E6A002B79C2 /* LPCBrowserViewController.xib in Resources */,
				37EF4B6D18DF61760063B848 /* Frame 5.png in Resources */,
				37BF43A1180D31EC0091BE5F /* InfoPlist.strings in Resources */,
				37074FED18F3368100D86847 /* options-image.png in Resources */,
				371AE6611882061500AA9557 /* AppIcon144x144@2x.png in Resources */,
				37EF4B6F18DF61760063B848 /* Frame 6.png in Resources */,
				37074FEC18F3368100D86847 /* mapbox-logo@2x.png in Resources */,
				37EF4B3918DF465C0063B848 /* Frame 3.png in Resources */,
				37EF4B7218DF61760063B848 /* Frame 7@2x.png in Resources */,
				37EF4B7C18DF61760063B848 /* Frame 12@2x.png in Resources */,
				37EF4B7318DF61760063B848 /* Frame 8.png in Resources */,
				3787FECD18E21E6A002B79C2 /* LPCStationViewController.xib in Resources */,
				37EF4B7F18DF61760063B848 /* Frame 14.png in Resources */,
				37EF4B7718DF61760063B848 /* Frame 10.png in Resources */,
				37D4F67018E06BD900661E20 /* Offline.png in Resources */,
				371AE6601882061500AA9557 /* AppIcon144x144.png in Resources */,
				37EF4B8D18DF61760063B848 /* Frame 21.png in Resources */,
				37EF4B7D18DF61760063B848 /* Frame 13.png in Resources */,
				37EF4B9018DF61760063B848 /* Frame 22@2x.png in Resources */,
			);
			runOnlyForDeploymentPostprocessing = 0;
		};
		37BF43B5180D31EC0091BE5F /* Resources */ = {
			isa = PBXResourcesBuildPhase;
			buildActionMask = 2147483647;
			files = (
				37BF43C3180D31ED0091BE5F /* InfoPlist.strings in Resources */,
			);
			runOnlyForDeploymentPostprocessing = 0;
		};
/* End PBXResourcesBuildPhase section */

/* Begin PBXShellScriptBuildPhase section */
		014E55C0029E4978A67AA5E2 /* Check Pods Manifest.lock */ = {
			isa = PBXShellScriptBuildPhase;
			buildActionMask = 2147483647;
			files = (
			);
			inputPaths = (
			);
			name = "Check Pods Manifest.lock";
			outputPaths = (
			);
			runOnlyForDeploymentPostprocessing = 0;
			shellPath = /bin/sh;
			shellScript = "diff \"${PODS_ROOT}/../Podfile.lock\" \"${PODS_ROOT}/Manifest.lock\" > /dev/null\nif [[ $? != 0 ]] ; then\n    cat << EOM\nerror: The sandbox is not in sync with the Podfile.lock. Run 'pod install' or update your CocoaPods installation.\nEOM\n    exit 1\nfi\n";
			showEnvVarsInLog = 0;
		};
		48673DF67E4446A299F2E2B7 /* Copy Pods Resources */ = {
			isa = PBXShellScriptBuildPhase;
			buildActionMask = 2147483647;
			files = (
			);
			inputPaths = (
			);
			name = "Copy Pods Resources";
			outputPaths = (
			);
			runOnlyForDeploymentPostprocessing = 0;
			shellPath = /bin/sh;
			shellScript = "\"${SRCROOT}/Pods/Pods-resources.sh\"\n";
			showEnvVarsInLog = 0;
		};
/* End PBXShellScriptBuildPhase section */

/* Begin PBXSourcesBuildPhase section */
		37BF438F180D31EC0091BE5F /* Sources */ = {
			isa = PBXSourcesBuildPhase;
			buildActionMask = 2147483647;
			files = (
				3787FEC818E21E6A002B79C2 /* LPCLineListViewController.m in Sources */,
				37F45A7F1843ABB70025CC9B /* LPCVenue.m in Sources */,
				37074FE218F334B500D86847 /* LPCCreditsTextLabel.m in Sources */,
				3762504018352F520061F1F4 /* LPCLine.m in Sources */,
				37BF43A7180D31EC0091BE5F /* LPCAppDelegate.m in Sources */,
				3787FEB118E21E4B002B79C2 /* LPCIAPHelper.m in Sources */,
				3787FECC18E21E6A002B79C2 /* LPCStationViewController.m in Sources */,
				3787FEA718E21DF1002B79C2 /* LPCOptionsCell.m in Sources */,
				3787FEC618E21E6A002B79C2 /* LPCForkViewController.m in Sources */,
				37F6736918EF574000AE5B46 /* LPCCreditsViewController.m in Sources */,
				3787FEA618E21DF1002B79C2 /* LPCLineTableViewCell.m in Sources */,
				3769ACFF1868509000D6F2B0 /* UIFont+FontAwesome.m in Sources */,
				3769ACFE1868509000D6F2B0 /* NSString+FontAwesome.m in Sources */,
				3787FEB218E21E4B002B79C2 /* LPCPurchaseHelper.m in Sources */,
				3787FEC418E21E6A002B79C2 /* LPCBrowserViewController.m in Sources */,
				37F6736518EDE18400AE5B46 /* LPCBuyLineView.m in Sources */,
				3787FEAA18E21E2A002B79C2 /* NSArray+AsCLLocationCoordinate2D.m in Sources */,
				3750EF7F18E221D7007F11AB /* UIColor+HexStringFromColor.m in Sources */,
				3787FEA518E21DF1002B79C2 /* LPCCircleView.m in Sources */,
				3787FECB18E21E6A002B79C2 /* LPCLineViewController.m in Sources */,
				37FD3F1218575FEA009B6306 /* LPCVenueRetrievalHandler.m in Sources */,
				37074FDF18F3341900D86847 /* LPCCreditsCell.m in Sources */,
				37006A57185F1EC3000E0732 /* LPCDataModel.xcdatamodeld in Sources */,
				3762504F183BE9D30061F1F4 /* LPCFork.m in Sources */,
				3787FEC918E21E6A002B79C2 /* LPCLineOptionModalViewController.m in Sources */,
				37006A66185F4361000E0732 /* Venue.m in Sources */,
				3762504318363BA30061F1F4 /* LPCStation.m in Sources */,
				376CD9B01823C43600D4C599 /* LPCMapAnnotation.m in Sources */,
				3787FEB318E21E4B002B79C2 /* LPCThemeManager.m in Sources */,
				37BF43A3180D31EC0091BE5F /* main.m in Sources */,
				37625049183A2F460061F1F4 /* LPCLinePosition.m in Sources */,
			);
			runOnlyForDeploymentPostprocessing = 0;
		};
		37BF43B3180D31EC0091BE5F /* Sources */ = {
			isa = PBXSourcesBuildPhase;
			buildActionMask = 2147483647;
			files = (
				3794732E1860B7880020E2E7 /* LPCVenueRetrievalHandlerTests.m in Sources */,
				375787C9184DDA39005386CB /* LPCNorthernLineTests.m in Sources */,
				373CB7C718561BE900066054 /* LPCDistrictLineTests.m in Sources */,
			);
			runOnlyForDeploymentPostprocessing = 0;
		};
/* End PBXSourcesBuildPhase section */

/* Begin PBXTargetDependency section */
		37BF43BD180D31ED0091BE5F /* PBXTargetDependency */ = {
			isa = PBXTargetDependency;
			target = 37BF4392180D31EC0091BE5F /* PubCrawlLDN */;
			targetProxy = 37BF43BC180D31ED0091BE5F /* PBXContainerItemProxy */;
		};
/* End PBXTargetDependency section */

/* Begin PBXVariantGroup section */
		37BF439F180D31EC0091BE5F /* InfoPlist.strings */ = {
			isa = PBXVariantGroup;
			children = (
				37BF43A0180D31EC0091BE5F /* en */,
			);
			name = InfoPlist.strings;
			sourceTree = "<group>";
		};
		37BF43A8180D31EC0091BE5F /* Main_iPhone.storyboard */ = {
			isa = PBXVariantGroup;
			children = (
				37BF43A9180D31EC0091BE5F /* Base */,
			);
			name = Main_iPhone.storyboard;
			sourceTree = "<group>";
		};
		37BF43C1180D31ED0091BE5F /* InfoPlist.strings */ = {
			isa = PBXVariantGroup;
			children = (
				37BF43C2180D31ED0091BE5F /* en */,
			);
			name = InfoPlist.strings;
			sourceTree = "<group>";
		};
/* End PBXVariantGroup section */

/* Begin XCBuildConfiguration section */
		37BF43C6180D31ED0091BE5F /* Debug */ = {
			isa = XCBuildConfiguration;
			buildSettings = {
				ALWAYS_SEARCH_USER_PATHS = NO;
				ARCHS = "$(ARCHS_STANDARD_INCLUDING_64_BIT)";
				CLANG_CXX_LANGUAGE_STANDARD = "gnu++0x";
				CLANG_CXX_LIBRARY = "libc++";
				CLANG_ENABLE_MODULES = YES;
				CLANG_ENABLE_OBJC_ARC = YES;
				CLANG_WARN_BOOL_CONVERSION = YES;
				CLANG_WARN_CONSTANT_CONVERSION = YES;
				CLANG_WARN_DIRECT_OBJC_ISA_USAGE = YES_ERROR;
				CLANG_WARN_EMPTY_BODY = YES;
				CLANG_WARN_ENUM_CONVERSION = YES;
				CLANG_WARN_INT_CONVERSION = YES;
				CLANG_WARN_OBJC_ROOT_CLASS = YES_ERROR;
				CLANG_WARN__DUPLICATE_METHOD_MATCH = YES;
				"CODE_SIGN_IDENTITY[sdk=iphoneos*]" = "iPhone Developer: Daniel Hough (7UC35A2T2B)";
				COPY_PHASE_STRIP = NO;
				GCC_C_LANGUAGE_STANDARD = gnu99;
				GCC_DYNAMIC_NO_PIC = NO;
				GCC_OPTIMIZATION_LEVEL = 0;
				GCC_PREPROCESSOR_DEFINITIONS = (
					"DEBUG=1",
					"$(inherited)",
				);
				GCC_SYMBOLS_PRIVATE_EXTERN = NO;
				GCC_WARN_64_TO_32_BIT_CONVERSION = YES;
				GCC_WARN_ABOUT_RETURN_TYPE = YES_ERROR;
				GCC_WARN_UNDECLARED_SELECTOR = YES;
				GCC_WARN_UNINITIALIZED_AUTOS = YES;
				GCC_WARN_UNUSED_FUNCTION = YES;
				GCC_WARN_UNUSED_VARIABLE = YES;
				IPHONEOS_DEPLOYMENT_TARGET = 7.0;
				ONLY_ACTIVE_ARCH = YES;
				SDKROOT = iphoneos;
				TARGETED_DEVICE_FAMILY = "1,2";
			};
			name = Debug;
		};
		37BF43C7180D31ED0091BE5F /* Release */ = {
			isa = XCBuildConfiguration;
			buildSettings = {
				ALWAYS_SEARCH_USER_PATHS = NO;
				ARCHS = "$(ARCHS_STANDARD_INCLUDING_64_BIT)";
				CLANG_CXX_LANGUAGE_STANDARD = "gnu++0x";
				CLANG_CXX_LIBRARY = "libc++";
				CLANG_ENABLE_MODULES = YES;
				CLANG_ENABLE_OBJC_ARC = YES;
				CLANG_WARN_BOOL_CONVERSION = YES;
				CLANG_WARN_CONSTANT_CONVERSION = YES;
				CLANG_WARN_DIRECT_OBJC_ISA_USAGE = YES_ERROR;
				CLANG_WARN_EMPTY_BODY = YES;
				CLANG_WARN_ENUM_CONVERSION = YES;
				CLANG_WARN_INT_CONVERSION = YES;
				CLANG_WARN_OBJC_ROOT_CLASS = YES_ERROR;
				CLANG_WARN__DUPLICATE_METHOD_MATCH = YES;
				"CODE_SIGN_IDENTITY[sdk=iphoneos*]" = "iPhone Developer: Daniel Hough (7UC35A2T2B)";
				COPY_PHASE_STRIP = YES;
				ENABLE_NS_ASSERTIONS = NO;
				GCC_C_LANGUAGE_STANDARD = gnu99;
				GCC_WARN_64_TO_32_BIT_CONVERSION = YES;
				GCC_WARN_ABOUT_RETURN_TYPE = YES_ERROR;
				GCC_WARN_UNDECLARED_SELECTOR = YES;
				GCC_WARN_UNINITIALIZED_AUTOS = YES;
				GCC_WARN_UNUSED_FUNCTION = YES;
				GCC_WARN_UNUSED_VARIABLE = YES;
				IPHONEOS_DEPLOYMENT_TARGET = 7.0;
				SDKROOT = iphoneos;
				TARGETED_DEVICE_FAMILY = "1,2";
				VALIDATE_PRODUCT = YES;
			};
			name = Release;
		};
		37BF43C9180D31ED0091BE5F /* Debug */ = {
			isa = XCBuildConfiguration;
			baseConfigurationReference = 4DCF27477E104A96B73E0C6D /* Pods.xcconfig */;
			buildSettings = {
				ASSETCATALOG_COMPILER_APPICON_NAME = AppIcon;
				ASSETCATALOG_COMPILER_LAUNCHIMAGE_NAME = LaunchImage;
				CODE_SIGN_IDENTITY = "iPhone Developer";
				"CODE_SIGN_IDENTITY[sdk=iphoneos*]" = "iPhone Developer";
				GCC_PRECOMPILE_PREFIX_HEADER = YES;
				GCC_PREFIX_HEADER = "London Pub Crawl/PubCrawlLDN-Prefix.pch";
				INFOPLIST_FILE = "London Pub Crawl/PubCrawlLDN-Info.plist";
				PRODUCT_NAME = PubCrawlLDN;
				PROVISIONING_PROFILE = "";
				WRAPPER_EXTENSION = app;
			};
			name = Debug;
		};
		37BF43CA180D31ED0091BE5F /* Release */ = {
			isa = XCBuildConfiguration;
			baseConfigurationReference = 4DCF27477E104A96B73E0C6D /* Pods.xcconfig */;
			buildSettings = {
				ASSETCATALOG_COMPILER_APPICON_NAME = AppIcon;
				ASSETCATALOG_COMPILER_LAUNCHIMAGE_NAME = LaunchImage;
				CODE_SIGN_IDENTITY = "iPhone Developer";
				"CODE_SIGN_IDENTITY[sdk=iphoneos*]" = "iPhone Developer";
				GCC_PRECOMPILE_PREFIX_HEADER = YES;
				GCC_PREFIX_HEADER = "London Pub Crawl/PubCrawlLDN-Prefix.pch";
				INFOPLIST_FILE = "London Pub Crawl/PubCrawlLDN-Info.plist";
				PRODUCT_NAME = PubCrawlLDN;
				PROVISIONING_PROFILE = "";
				WRAPPER_EXTENSION = app;
			};
			name = Release;
		};
		37BF43CC180D31ED0091BE5F /* Debug */ = {
			isa = XCBuildConfiguration;
			buildSettings = {
				ARCHS = "$(ARCHS_STANDARD_INCLUDING_64_BIT)";
				BUNDLE_LOADER = "$(BUILT_PRODUCTS_DIR)/London Pub Crawl.app/London Pub Crawl";
				FRAMEWORK_SEARCH_PATHS = (
					"$(SDKROOT)/Developer/Library/Frameworks",
					"$(inherited)",
					"$(DEVELOPER_FRAMEWORKS_DIR)",
				);
				GCC_PRECOMPILE_PREFIX_HEADER = YES;
				GCC_PREFIX_HEADER = "London Pub Crawl/London Pub Crawl-Prefix.pch";
				GCC_PREPROCESSOR_DEFINITIONS = (
					"DEBUG=1",
					"$(inherited)",
				);
				INFOPLIST_FILE = "London Pub CrawlTests/PubCrawlLDNTests-Info.plist";
				PRODUCT_NAME = PubCrawlLDNTests;
				TEST_HOST = "$(BUNDLE_LOADER)";
				WRAPPER_EXTENSION = xctest;
			};
			name = Debug;
		};
		37BF43CD180D31ED0091BE5F /* Release */ = {
			isa = XCBuildConfiguration;
			buildSettings = {
				ARCHS = "$(ARCHS_STANDARD_INCLUDING_64_BIT)";
				BUNDLE_LOADER = "$(BUILT_PRODUCTS_DIR)/London Pub Crawl.app/London Pub Crawl";
				FRAMEWORK_SEARCH_PATHS = (
					"$(SDKROOT)/Developer/Library/Frameworks",
					"$(inherited)",
					"$(DEVELOPER_FRAMEWORKS_DIR)",
				);
				GCC_PRECOMPILE_PREFIX_HEADER = YES;
				GCC_PREFIX_HEADER = "London Pub Crawl/London Pub Crawl-Prefix.pch";
				INFOPLIST_FILE = "London Pub CrawlTests/PubCrawlLDNTests-Info.plist";
				PRODUCT_NAME = PubCrawlLDNTests;
				TEST_HOST = "$(BUNDLE_LOADER)";
				WRAPPER_EXTENSION = xctest;
			};
			name = Release;
		};
/* End XCBuildConfiguration section */

/* Begin XCConfigurationList section */
		37BF438E180D31EC0091BE5F /* Build configuration list for PBXProject "PubCrawlLDN" */ = {
			isa = XCConfigurationList;
			buildConfigurations = (
				37BF43C6180D31ED0091BE5F /* Debug */,
				37BF43C7180D31ED0091BE5F /* Release */,
			);
			defaultConfigurationIsVisible = 0;
			defaultConfigurationName = Release;
		};
		37BF43C8180D31ED0091BE5F /* Build configuration list for PBXNativeTarget "PubCrawlLDN" */ = {
			isa = XCConfigurationList;
			buildConfigurations = (
				37BF43C9180D31ED0091BE5F /* Debug */,
				37BF43CA180D31ED0091BE5F /* Release */,
			);
			defaultConfigurationIsVisible = 0;
			defaultConfigurationName = Release;
		};
		37BF43CB180D31ED0091BE5F /* Build configuration list for PBXNativeTarget "PubCrawlLDNTests" */ = {
			isa = XCConfigurationList;
			buildConfigurations = (
				37BF43CC180D31ED0091BE5F /* Debug */,
				37BF43CD180D31ED0091BE5F /* Release */,
			);
			defaultConfigurationIsVisible = 0;
			defaultConfigurationName = Release;
		};
/* End XCConfigurationList section */

/* Begin XCVersionGroup section */
		37006A55185F1EC3000E0732 /* LPCDataModel.xcdatamodeld */ = {
			isa = XCVersionGroup;
			children = (
				37006A56185F1EC3000E0732 /* LPCDataModel.xcdatamodel */,
			);
			currentVersion = 37006A56185F1EC3000E0732 /* LPCDataModel.xcdatamodel */;
			path = LPCDataModel.xcdatamodeld;
			sourceTree = "<group>";
			versionGroupType = wrapper.xcdatamodel;
		};
/* End XCVersionGroup section */
	};
	rootObject = 37BF438B180D31EC0091BE5F /* Project object */;
}
